// !$*UTF8*$!
{
	archiveVersion = 1;
	classes = {
	};
	objectVersion = 55;
	objects = {

/* Begin PBXBuildFile section */
		4D8EA65701D48FD740FF031E /* Pods_speedoTransfer.framework in Frameworks */ = {isa = PBXBuildFile; fileRef = 55BD4FA6521BF3855CEA82A8 /* Pods_speedoTransfer.framework */; };
		6A0B331B2C9089C500CFADFC /* SceneDelegate.swift in Sources */ = {isa = PBXBuildFile; fileRef = 6A540F752C908263003C14B8 /* SceneDelegate.swift */; };
		6A0B331C2C908AEE00CFADFC /* Main.storyboard in Resources */ = {isa = PBXBuildFile; fileRef = 7CB462D52C812CD400C6F795 /* Main.storyboard */; };
		6A0B33202C908E9000CFADFC /* TransactionCell.swift in Sources */ = {isa = PBXBuildFile; fileRef = 6A0B331F2C908E9000CFADFC /* TransactionCell.swift */; };
		6A0B33222C908F8100CFADFC /* SignUpViewController.swift in Sources */ = {isa = PBXBuildFile; fileRef = 6A0B33212C908F8100CFADFC /* SignUpViewController.swift */; };
		6A0B33242C908FA000CFADFC /* TransferViewController.swift in Sources */ = {isa = PBXBuildFile; fileRef = 6A0B33232C908FA000CFADFC /* TransferViewController.swift */; };
		6A0B33262C908FA300CFADFC /* SignInViewController.swift in Sources */ = {isa = PBXBuildFile; fileRef = 6A0B33252C908FA300CFADFC /* SignInViewController.swift */; };
		6A0B33282C908FA500CFADFC /* HomeViewController.swift in Sources */ = {isa = PBXBuildFile; fileRef = 6A0B33272C908FA500CFADFC /* HomeViewController.swift */; };
		6A0B332A2C908FA800CFADFC /* FirstSignUpViewController.swift in Sources */ = {isa = PBXBuildFile; fileRef = 6A0B33292C908FA800CFADFC /* FirstSignUpViewController.swift */; };
		6A4229AE2C92AC3300AD324E /* CountrySelectionViewController.swift in Sources */ = {isa = PBXBuildFile; fileRef = 6A4229AD2C92AC3300AD324E /* CountrySelectionViewController.swift */; };
		6ADCC2642C91A8E4007F05F0 /* CustomPresentationController.swift in Sources */ = {isa = PBXBuildFile; fileRef = 6ADCC2632C91A8E4007F05F0 /* CustomPresentationController.swift */; };
		6ADCC2662C91ACBE007F05F0 /* FavoritesListView.swift in Sources */ = {isa = PBXBuildFile; fileRef = 6ADCC2652C91ACBE007F05F0 /* FavoritesListView.swift */; };
		6ADCC2682C91B67B007F05F0 /* ConfirmationViewController.swift in Sources */ = {isa = PBXBuildFile; fileRef = 6ADCC2672C91B67B007F05F0 /* ConfirmationViewController.swift */; };
		6ADCC26C2C91E403007F05F0 /* PaymentViewController.swift in Sources */ = {isa = PBXBuildFile; fileRef = 6ADCC26B2C91E403007F05F0 /* PaymentViewController.swift */; };
		6D68317B0D7233994B03CC2F /* Pods_speedoTransfer_speedoTransferUITests.framework in Frameworks */ = {isa = PBXBuildFile; fileRef = 237511779FDC25552F79D1BD /* Pods_speedoTransfer_speedoTransferUITests.framework */; };
		6F0CC080F9AC1DE20881F882 /* Pods_speedoTransferTests.framework in Frameworks */ = {isa = PBXBuildFile; fileRef = 289580A4BFC1D3B7D5FDD3BB /* Pods_speedoTransferTests.framework */; };
		7C40FB1D2C8DCF5800A55D81 /* MoreVC.swift in Sources */ = {isa = PBXBuildFile; fileRef = 7C40FB1C2C8DCF5800A55D81 /* MoreVC.swift */; };
		7C40FB202C8DD0B600A55D81 /* MoreTVCell.swift in Sources */ = {isa = PBXBuildFile; fileRef = 7C40FB1E2C8DD0B600A55D81 /* MoreTVCell.swift */; };
		7C40FB212C8DD0B600A55D81 /* MoreTVCell.xib in Resources */ = {isa = PBXBuildFile; fileRef = 7C40FB1F2C8DD0B600A55D81 /* MoreTVCell.xib */; };
		7C40FB232C8E223000A55D81 /* MoreProfileVC.swift in Sources */ = {isa = PBXBuildFile; fileRef = 7C40FB222C8E223000A55D81 /* MoreProfileVC.swift */; };
		7C40FB252C8E242B00A55D81 /* Media.swift in Sources */ = {isa = PBXBuildFile; fileRef = 7C40FB242C8E242B00A55D81 /* Media.swift */; };
		7C40FB2D2C8E287800A55D81 /* TransactionsVC.swift in Sources */ = {isa = PBXBuildFile; fileRef = 7C40FB2C2C8E287800A55D81 /* TransactionsVC.swift */; };
		7C40FB302C8E2B5600A55D81 /* My_cardsVC.swift in Sources */ = {isa = PBXBuildFile; fileRef = 7C40FB2F2C8E2B5600A55D81 /* My_cardsVC.swift */; };
		7C4BFFFB2C91877E00AA2C53 /* FavouriteVC.swift in Sources */ = {isa = PBXBuildFile; fileRef = 7C4BFFFA2C91877E00AA2C53 /* FavouriteVC.swift */; };
		7C5A45F62C91E072005FCDC9 /* User.swift in Sources */ = {isa = PBXBuildFile; fileRef = 7C5A45F52C91E072005FCDC9 /* User.swift */; };
		7C6EA3C02C907A33001A3611 /* DemoViewController.swift 15-50-55-050.swift in Sources */ = {isa = PBXBuildFile; fileRef = 7C6EA3BB2C907A33001A3611 /* DemoViewController.swift 15-50-55-050.swift */; };
		7C6EA3DC2C90A0E9001A3611 /* TabBarVC.swift in Sources */ = {isa = PBXBuildFile; fileRef = 7C6EA3DB2C90A0E9001A3611 /* TabBarVC.swift */; };
		7C77D3752C91045B006DDDC4 /* OnboardingViewController.swift in Sources */ = {isa = PBXBuildFile; fileRef = 7C77D3742C91045B006DDDC4 /* OnboardingViewController.swift */; };
		7C9415052C91B4DB00FED40B /* favListCellTableViewCell.swift in Sources */ = {isa = PBXBuildFile; fileRef = 7C9415032C91B4DB00FED40B /* favListCellTableViewCell.swift */; };
		7C9415062C91B4DB00FED40B /* favListCellTableViewCell.xib in Resources */ = {isa = PBXBuildFile; fileRef = 7C9415042C91B4DB00FED40B /* favListCellTableViewCell.xib */; };
		7CA1B5602C919983001FC9EB /* FavouritesListViewController.swift in Sources */ = {isa = PBXBuildFile; fileRef = 7CA1B55F2C919983001FC9EB /* FavouritesListViewController.swift */; };
		7CB462D02C812CD400C6F795 /* AppDelegate.swift in Sources */ = {isa = PBXBuildFile; fileRef = 7CB462CF2C812CD400C6F795 /* AppDelegate.swift */; };
		7CB462D92C812CD600C6F795 /* Assets.xcassets in Resources */ = {isa = PBXBuildFile; fileRef = 7CB462D82C812CD600C6F795 /* Assets.xcassets */; };
		7CB462DC2C812CD600C6F795 /* LaunchScreen.storyboard in Resources */ = {isa = PBXBuildFile; fileRef = 7CB462DA2C812CD600C6F795 /* LaunchScreen.storyboard */; };
		7CE881CE2C922CBB004FBD19 /* ErrorVC.swift in Sources */ = {isa = PBXBuildFile; fileRef = 7CE881CD2C922CBB004FBD19 /* ErrorVC.swift */; };
		7CE881D02C922D1C004FBD19 /* InternetIssueVC.swift in Sources */ = {isa = PBXBuildFile; fileRef = 7CE881CF2C922D1C004FBD19 /* InternetIssueVC.swift */; };
		7CE881D22C923B20004FBD19 /* editPopUpMenueVC.swift in Sources */ = {isa = PBXBuildFile; fileRef = 7CE881D12C923B20004FBD19 /* editPopUpMenueVC.swift */; };
/* End PBXBuildFile section */

/* Begin PBXContainerItemProxy section */
		7CB462E32C812CD600C6F795 /* PBXContainerItemProxy */ = {
			isa = PBXContainerItemProxy;
			containerPortal = 7CB462C42C812CD400C6F795 /* Project object */;
			proxyType = 1;
			remoteGlobalIDString = 7CB462CB2C812CD400C6F795;
			remoteInfo = speedoTransfer;
		};
		7CB462ED2C812CD600C6F795 /* PBXContainerItemProxy */ = {
			isa = PBXContainerItemProxy;
			containerPortal = 7CB462C42C812CD400C6F795 /* Project object */;
			proxyType = 1;
			remoteGlobalIDString = 7CB462CB2C812CD400C6F795;
			remoteInfo = speedoTransfer;
		};
/* End PBXContainerItemProxy section */

/* Begin PBXFileReference section */
		1FBB9BE78116CB2344D78D7F /* Pods-speedoTransferTests.release.xcconfig */ = {isa = PBXFileReference; includeInIndex = 1; lastKnownFileType = text.xcconfig; name = "Pods-speedoTransferTests.release.xcconfig"; path = "Target Support Files/Pods-speedoTransferTests/Pods-speedoTransferTests.release.xcconfig"; sourceTree = "<group>"; };
		22DEE18B507D82DFD7471FE8 /* Pods-speedoTransfer-speedoTransferUITests.release.xcconfig */ = {isa = PBXFileReference; includeInIndex = 1; lastKnownFileType = text.xcconfig; name = "Pods-speedoTransfer-speedoTransferUITests.release.xcconfig"; path = "Target Support Files/Pods-speedoTransfer-speedoTransferUITests/Pods-speedoTransfer-speedoTransferUITests.release.xcconfig"; sourceTree = "<group>"; };
		237511779FDC25552F79D1BD /* Pods_speedoTransfer_speedoTransferUITests.framework */ = {isa = PBXFileReference; explicitFileType = wrapper.framework; includeInIndex = 0; path = Pods_speedoTransfer_speedoTransferUITests.framework; sourceTree = BUILT_PRODUCTS_DIR; };
		289580A4BFC1D3B7D5FDD3BB /* Pods_speedoTransferTests.framework */ = {isa = PBXFileReference; explicitFileType = wrapper.framework; includeInIndex = 0; path = Pods_speedoTransferTests.framework; sourceTree = BUILT_PRODUCTS_DIR; };
		55BD4FA6521BF3855CEA82A8 /* Pods_speedoTransfer.framework */ = {isa = PBXFileReference; explicitFileType = wrapper.framework; includeInIndex = 0; path = Pods_speedoTransfer.framework; sourceTree = BUILT_PRODUCTS_DIR; };
		6A0B331F2C908E9000CFADFC /* TransactionCell.swift */ = {isa = PBXFileReference; fileEncoding = 4; lastKnownFileType = sourcecode.swift; path = TransactionCell.swift; sourceTree = "<group>"; };
		6A0B33212C908F8100CFADFC /* SignUpViewController.swift */ = {isa = PBXFileReference; lastKnownFileType = sourcecode.swift; path = SignUpViewController.swift; sourceTree = "<group>"; };
		6A0B33232C908FA000CFADFC /* TransferViewController.swift */ = {isa = PBXFileReference; lastKnownFileType = sourcecode.swift; path = TransferViewController.swift; sourceTree = "<group>"; };
		6A0B33252C908FA300CFADFC /* SignInViewController.swift */ = {isa = PBXFileReference; lastKnownFileType = sourcecode.swift; path = SignInViewController.swift; sourceTree = "<group>"; };
		6A0B33272C908FA500CFADFC /* HomeViewController.swift */ = {isa = PBXFileReference; lastKnownFileType = sourcecode.swift; path = HomeViewController.swift; sourceTree = "<group>"; };
		6A0B33292C908FA800CFADFC /* FirstSignUpViewController.swift */ = {isa = PBXFileReference; lastKnownFileType = sourcecode.swift; path = FirstSignUpViewController.swift; sourceTree = "<group>"; };
		6A4229AD2C92AC3300AD324E /* CountrySelectionViewController.swift */ = {isa = PBXFileReference; lastKnownFileType = sourcecode.swift; path = CountrySelectionViewController.swift; sourceTree = "<group>"; };
		6A540F752C908263003C14B8 /* SceneDelegate.swift */ = {isa = PBXFileReference; lastKnownFileType = sourcecode.swift; path = SceneDelegate.swift; sourceTree = "<group>"; };
		6ADCC2632C91A8E4007F05F0 /* CustomPresentationController.swift */ = {isa = PBXFileReference; lastKnownFileType = sourcecode.swift; path = CustomPresentationController.swift; sourceTree = "<group>"; };
		6ADCC2652C91ACBE007F05F0 /* FavoritesListView.swift */ = {isa = PBXFileReference; lastKnownFileType = sourcecode.swift; path = FavoritesListView.swift; sourceTree = "<group>"; };
		6ADCC2672C91B67B007F05F0 /* ConfirmationViewController.swift */ = {isa = PBXFileReference; lastKnownFileType = sourcecode.swift; path = ConfirmationViewController.swift; sourceTree = "<group>"; };
		6ADCC26B2C91E403007F05F0 /* PaymentViewController.swift */ = {isa = PBXFileReference; lastKnownFileType = sourcecode.swift; path = PaymentViewController.swift; sourceTree = "<group>"; };
		6FE020021F1691D916586A4B /* Pods-speedoTransfer-speedoTransferUITests.debug.xcconfig */ = {isa = PBXFileReference; includeInIndex = 1; lastKnownFileType = text.xcconfig; name = "Pods-speedoTransfer-speedoTransferUITests.debug.xcconfig"; path = "Target Support Files/Pods-speedoTransfer-speedoTransferUITests/Pods-speedoTransfer-speedoTransferUITests.debug.xcconfig"; sourceTree = "<group>"; };
		7C40FB1C2C8DCF5800A55D81 /* MoreVC.swift */ = {isa = PBXFileReference; lastKnownFileType = sourcecode.swift; path = MoreVC.swift; sourceTree = "<group>"; };
		7C40FB1E2C8DD0B600A55D81 /* MoreTVCell.swift */ = {isa = PBXFileReference; lastKnownFileType = sourcecode.swift; path = MoreTVCell.swift; sourceTree = "<group>"; };
		7C40FB1F2C8DD0B600A55D81 /* MoreTVCell.xib */ = {isa = PBXFileReference; lastKnownFileType = file.xib; path = MoreTVCell.xib; sourceTree = "<group>"; };
		7C40FB222C8E223000A55D81 /* MoreProfileVC.swift */ = {isa = PBXFileReference; lastKnownFileType = sourcecode.swift; path = MoreProfileVC.swift; sourceTree = "<group>"; };
		7C40FB242C8E242B00A55D81 /* Media.swift */ = {isa = PBXFileReference; lastKnownFileType = sourcecode.swift; path = Media.swift; sourceTree = "<group>"; };
		7C40FB2C2C8E287800A55D81 /* TransactionsVC.swift */ = {isa = PBXFileReference; lastKnownFileType = sourcecode.swift; path = TransactionsVC.swift; sourceTree = "<group>"; };
		7C40FB2F2C8E2B5600A55D81 /* My_cardsVC.swift */ = {isa = PBXFileReference; lastKnownFileType = sourcecode.swift; path = My_cardsVC.swift; sourceTree = "<group>"; };
		7C4BFFFA2C91877E00AA2C53 /* FavouriteVC.swift */ = {isa = PBXFileReference; lastKnownFileType = sourcecode.swift; path = FavouriteVC.swift; sourceTree = "<group>"; };
		7C5A45F52C91E072005FCDC9 /* User.swift */ = {isa = PBXFileReference; lastKnownFileType = sourcecode.swift; path = User.swift; sourceTree = "<group>"; };
		7C6EA3BB2C907A33001A3611 /* DemoViewController.swift 15-50-55-050.swift */ = {isa = PBXFileReference; fileEncoding = 4; lastKnownFileType = sourcecode.swift; path = "DemoViewController.swift 15-50-55-050.swift"; sourceTree = "<group>"; };
		7C6EA3DB2C90A0E9001A3611 /* TabBarVC.swift */ = {isa = PBXFileReference; fileEncoding = 4; lastKnownFileType = sourcecode.swift; path = TabBarVC.swift; sourceTree = "<group>"; };
		7C77D3742C91045B006DDDC4 /* OnboardingViewController.swift */ = {isa = PBXFileReference; lastKnownFileType = sourcecode.swift; path = OnboardingViewController.swift; sourceTree = "<group>"; };
		7C9415032C91B4DB00FED40B /* favListCellTableViewCell.swift */ = {isa = PBXFileReference; lastKnownFileType = sourcecode.swift; path = favListCellTableViewCell.swift; sourceTree = "<group>"; };
		7C9415042C91B4DB00FED40B /* favListCellTableViewCell.xib */ = {isa = PBXFileReference; lastKnownFileType = file.xib; path = favListCellTableViewCell.xib; sourceTree = "<group>"; };
		7CA1B55F2C919983001FC9EB /* FavouritesListViewController.swift */ = {isa = PBXFileReference; lastKnownFileType = sourcecode.swift; path = FavouritesListViewController.swift; sourceTree = "<group>"; };
		7CB462CC2C812CD400C6F795 /* speedoTransfer.app */ = {isa = PBXFileReference; explicitFileType = wrapper.application; includeInIndex = 0; path = speedoTransfer.app; sourceTree = BUILT_PRODUCTS_DIR; };
		7CB462CF2C812CD400C6F795 /* AppDelegate.swift */ = {isa = PBXFileReference; lastKnownFileType = sourcecode.swift; path = AppDelegate.swift; sourceTree = "<group>"; };
		7CB462D62C812CD400C6F795 /* Base */ = {isa = PBXFileReference; lastKnownFileType = file.storyboard; name = Base; path = Base.lproj/Main.storyboard; sourceTree = "<group>"; };
		7CB462D82C812CD600C6F795 /* Assets.xcassets */ = {isa = PBXFileReference; lastKnownFileType = folder.assetcatalog; name = Assets.xcassets; path = ../Assets.xcassets; sourceTree = "<group>"; };
		7CB462DB2C812CD600C6F795 /* Base */ = {isa = PBXFileReference; lastKnownFileType = file.storyboard; name = Base; path = Base.lproj/LaunchScreen.storyboard; sourceTree = "<group>"; };
		7CB462DD2C812CD600C6F795 /* Info.plist */ = {isa = PBXFileReference; lastKnownFileType = text.plist.xml; path = Info.plist; sourceTree = "<group>"; };
		7CB462E22C812CD600C6F795 /* speedoTransferTests.xctest */ = {isa = PBXFileReference; explicitFileType = wrapper.cfbundle; includeInIndex = 0; path = speedoTransferTests.xctest; sourceTree = BUILT_PRODUCTS_DIR; };
		7CB462EC2C812CD600C6F795 /* speedoTransferUITests.xctest */ = {isa = PBXFileReference; explicitFileType = wrapper.cfbundle; includeInIndex = 0; path = speedoTransferUITests.xctest; sourceTree = BUILT_PRODUCTS_DIR; };
		7CE881CD2C922CBB004FBD19 /* ErrorVC.swift */ = {isa = PBXFileReference; lastKnownFileType = sourcecode.swift; path = ErrorVC.swift; sourceTree = "<group>"; };
		7CE881CF2C922D1C004FBD19 /* InternetIssueVC.swift */ = {isa = PBXFileReference; lastKnownFileType = sourcecode.swift; path = InternetIssueVC.swift; sourceTree = "<group>"; };
		7CE881D12C923B20004FBD19 /* editPopUpMenueVC.swift */ = {isa = PBXFileReference; lastKnownFileType = sourcecode.swift; path = editPopUpMenueVC.swift; sourceTree = "<group>"; };
		7CF9CE8027651FA3DBDFD938 /* Pods-speedoTransfer.release.xcconfig */ = {isa = PBXFileReference; includeInIndex = 1; lastKnownFileType = text.xcconfig; name = "Pods-speedoTransfer.release.xcconfig"; path = "Target Support Files/Pods-speedoTransfer/Pods-speedoTransfer.release.xcconfig"; sourceTree = "<group>"; };
		86F3268F435502358BD406FE /* Pods-speedoTransferTests.debug.xcconfig */ = {isa = PBXFileReference; includeInIndex = 1; lastKnownFileType = text.xcconfig; name = "Pods-speedoTransferTests.debug.xcconfig"; path = "Target Support Files/Pods-speedoTransferTests/Pods-speedoTransferTests.debug.xcconfig"; sourceTree = "<group>"; };
		C7C01CAC01A21E0750F37A31 /* Pods-speedoTransfer.debug.xcconfig */ = {isa = PBXFileReference; includeInIndex = 1; lastKnownFileType = text.xcconfig; name = "Pods-speedoTransfer.debug.xcconfig"; path = "Target Support Files/Pods-speedoTransfer/Pods-speedoTransfer.debug.xcconfig"; sourceTree = "<group>"; };
/* End PBXFileReference section */

/* Begin PBXFrameworksBuildPhase section */
		7CB462C92C812CD400C6F795 /* Frameworks */ = {
			isa = PBXFrameworksBuildPhase;
			buildActionMask = 2147483647;
			files = (
				4D8EA65701D48FD740FF031E /* Pods_speedoTransfer.framework in Frameworks */,
			);
			runOnlyForDeploymentPostprocessing = 0;
		};
		7CB462DF2C812CD600C6F795 /* Frameworks */ = {
			isa = PBXFrameworksBuildPhase;
			buildActionMask = 2147483647;
			files = (
				6F0CC080F9AC1DE20881F882 /* Pods_speedoTransferTests.framework in Frameworks */,
			);
			runOnlyForDeploymentPostprocessing = 0;
		};
		7CB462E92C812CD600C6F795 /* Frameworks */ = {
			isa = PBXFrameworksBuildPhase;
			buildActionMask = 2147483647;
			files = (
				6D68317B0D7233994B03CC2F /* Pods_speedoTransfer_speedoTransferUITests.framework in Frameworks */,
			);
			runOnlyForDeploymentPostprocessing = 0;
		};
/* End PBXFrameworksBuildPhase section */

/* Begin PBXGroup section */
		3A7514F1A79D7A7E76C84E2C /* Pods */ = {
			isa = PBXGroup;
			children = (
				C7C01CAC01A21E0750F37A31 /* Pods-speedoTransfer.debug.xcconfig */,
				7CF9CE8027651FA3DBDFD938 /* Pods-speedoTransfer.release.xcconfig */,
				6FE020021F1691D916586A4B /* Pods-speedoTransfer-speedoTransferUITests.debug.xcconfig */,
				22DEE18B507D82DFD7471FE8 /* Pods-speedoTransfer-speedoTransferUITests.release.xcconfig */,
				86F3268F435502358BD406FE /* Pods-speedoTransferTests.debug.xcconfig */,
				1FBB9BE78116CB2344D78D7F /* Pods-speedoTransferTests.release.xcconfig */,
			);
			path = Pods;
			sourceTree = "<group>";
		};
		6887212CA62040708E7B3519 /* Frameworks */ = {
			isa = PBXGroup;
			children = (
				55BD4FA6521BF3855CEA82A8 /* Pods_speedoTransfer.framework */,
				237511779FDC25552F79D1BD /* Pods_speedoTransfer_speedoTransferUITests.framework */,
				289580A4BFC1D3B7D5FDD3BB /* Pods_speedoTransferTests.framework */,
			);
			name = Frameworks;
			sourceTree = "<group>";
		};
		6A540F722C907BE4003C14B8 /* Resources */ = {
			isa = PBXGroup;
			children = (
				7CB462DA2C812CD600C6F795 /* LaunchScreen.storyboard */,
				7CB462D82C812CD600C6F795 /* Assets.xcassets */,
			);
			path = Resources;
			sourceTree = "<group>";
		};
		7C40FB2E2C8E2AC700A55D81 /* View */ = {
			isa = PBXGroup;
			children = (
				7CE881DA2C924FDD004FBD19 /* erros */,
				7CE881D92C924FBD004FBD19 /* Popups */,
				7CE881D52C924DC8004FBD19 /* Authentication */,
				7CE881D82C924EE6004FBD19 /* cells */,
				7CE881D62C924DFA004FBD19 /* NavScreens */,
			);
			path = View;
			sourceTree = "<group>";
		};
		7C6EA3B72C907A33001A3611 /* Controller */ = {
			isa = PBXGroup;
			children = (
				7C6EA3DB2C90A0E9001A3611 /* TabBarVC.swift */,
				7C6EA3BB2C907A33001A3611 /* DemoViewController.swift 15-50-55-050.swift */,
				7C77D3742C91045B006DDDC4 /* OnboardingViewController.swift */,
			);
			path = Controller;
			sourceTree = "<group>";
		};
		7CB462C32C812CD400C6F795 = {
			isa = PBXGroup;
			children = (
				7CB462CE2C812CD400C6F795 /* speedoTransfer */,
				7CB462CD2C812CD400C6F795 /* Products */,
				3A7514F1A79D7A7E76C84E2C /* Pods */,
				6887212CA62040708E7B3519 /* Frameworks */,
			);
			sourceTree = "<group>";
		};
		7CB462CD2C812CD400C6F795 /* Products */ = {
			isa = PBXGroup;
			children = (
				7CB462CC2C812CD400C6F795 /* speedoTransfer.app */,
				7CB462E22C812CD600C6F795 /* speedoTransferTests.xctest */,
				7CB462EC2C812CD600C6F795 /* speedoTransferUITests.xctest */,
			);
			name = Products;
			sourceTree = "<group>";
		};
		7CB462CE2C812CD400C6F795 /* speedoTransfer */ = {
			isa = PBXGroup;
			children = (
				7CE881DC2C925028004FBD19 /* AppDelegate */,
				7CE881DB2C92501B004FBD19 /* AppManager */,
				7CE881D72C924E80004FBD19 /* Model */,
				7C6EA3B72C907A33001A3611 /* Controller */,
				7C40FB2E2C8E2AC700A55D81 /* View */,
				6A540F722C907BE4003C14B8 /* Resources */,
				7CB462D52C812CD400C6F795 /* Main.storyboard */,
				6ADCC2632C91A8E4007F05F0 /* CustomPresentationController.swift */,
				6ADCC2652C91ACBE007F05F0 /* FavoritesListView.swift */,
				7CB462DD2C812CD600C6F795 /* Info.plist */,
			);
			path = speedoTransfer;
			sourceTree = "<group>";
		};
		7CE881D52C924DC8004FBD19 /* Authentication */ = {
			isa = PBXGroup;
			children = (
				6A0B33292C908FA800CFADFC /* FirstSignUpViewController.swift */,
				6A0B33252C908FA300CFADFC /* SignInViewController.swift */,
				6A0B33212C908F8100CFADFC /* SignUpViewController.swift */,
				6A4229AD2C92AC3300AD324E /* CountrySelectionViewController.swift */,
			);
			path = Authentication;
			sourceTree = "<group>";
		};
		7CE881D62C924DFA004FBD19 /* NavScreens */ = {
			isa = PBXGroup;
			children = (
				7C40FB1C2C8DCF5800A55D81 /* MoreVC.swift */,
				6ADCC2672C91B67B007F05F0 /* ConfirmationViewController.swift */,
				7C40FB2C2C8E287800A55D81 /* TransactionsVC.swift */,
				6ADCC26B2C91E403007F05F0 /* PaymentViewController.swift */,
				7C40FB222C8E223000A55D81 /* MoreProfileVC.swift */,
				6A0B33232C908FA000CFADFC /* TransferViewController.swift */,
				7C40FB2F2C8E2B5600A55D81 /* My_cardsVC.swift */,
				6A0B33272C908FA500CFADFC /* HomeViewController.swift */,
				7C4BFFFA2C91877E00AA2C53 /* FavouriteVC.swift */,
			);
			path = NavScreens;
			sourceTree = "<group>";
		};
		7CE881D72C924E80004FBD19 /* Model */ = {
			isa = PBXGroup;
			children = (
				7C5A45F52C91E072005FCDC9 /* User.swift */,
				7C40FB242C8E242B00A55D81 /* Media.swift */,
			);
			path = Model;
			sourceTree = "<group>";
		};
		7CE881D82C924EE6004FBD19 /* cells */ = {
			isa = PBXGroup;
			children = (
				6A0B331F2C908E9000CFADFC /* TransactionCell.swift */,
				7C9415032C91B4DB00FED40B /* favListCellTableViewCell.swift */,
				7C9415042C91B4DB00FED40B /* favListCellTableViewCell.xib */,
				7C40FB1E2C8DD0B600A55D81 /* MoreTVCell.swift */,
				7C40FB1F2C8DD0B600A55D81 /* MoreTVCell.xib */,
			);
			path = cells;
			sourceTree = "<group>";
		};
		7CE881D92C924FBD004FBD19 /* Popups */ = {
			isa = PBXGroup;
			children = (
				7CA1B55F2C919983001FC9EB /* FavouritesListViewController.swift */,
				7CE881D12C923B20004FBD19 /* editPopUpMenueVC.swift */,
			);
			path = Popups;
			sourceTree = "<group>";
		};
		7CE881DA2C924FDD004FBD19 /* erros */ = {
			isa = PBXGroup;
			children = (
				7CE881CD2C922CBB004FBD19 /* ErrorVC.swift */,
				7CE881CF2C922D1C004FBD19 /* InternetIssueVC.swift */,
			);
			path = erros;
			sourceTree = "<group>";
		};
		7CE881DB2C92501B004FBD19 /* AppManager */ = {
			isa = PBXGroup;
			children = (
			);
			path = AppManager;
			sourceTree = "<group>";
		};
		7CE881DC2C925028004FBD19 /* AppDelegate */ = {
			isa = PBXGroup;
			children = (
				7CB462CF2C812CD400C6F795 /* AppDelegate.swift */,
				6A540F752C908263003C14B8 /* SceneDelegate.swift */,
			);
			path = AppDelegate;
			sourceTree = "<group>";
		};
/* End PBXGroup section */

/* Begin PBXNativeTarget section */
		7CB462CB2C812CD400C6F795 /* speedoTransfer */ = {
			isa = PBXNativeTarget;
			buildConfigurationList = 7CB462F62C812CD600C6F795 /* Build configuration list for PBXNativeTarget "speedoTransfer" */;
			buildPhases = (
				525518627E63CBED24EDC21D /* [CP] Check Pods Manifest.lock */,
				7CB462C82C812CD400C6F795 /* Sources */,
				7CB462C92C812CD400C6F795 /* Frameworks */,
				7CB462CA2C812CD400C6F795 /* Resources */,
				F705AFEA35C5512B1D9CCF64 /* [CP] Embed Pods Frameworks */,
			);
			buildRules = (
			);
			dependencies = (
			);
			name = speedoTransfer;
			productName = speedoTransfer;
			productReference = 7CB462CC2C812CD400C6F795 /* speedoTransfer.app */;
			productType = "com.apple.product-type.application";
		};
		7CB462E12C812CD600C6F795 /* speedoTransferTests */ = {
			isa = PBXNativeTarget;
			buildConfigurationList = 7CB462F92C812CD600C6F795 /* Build configuration list for PBXNativeTarget "speedoTransferTests" */;
			buildPhases = (
				523AD036584B5FEA42E62B8C /* [CP] Check Pods Manifest.lock */,
				7CB462DE2C812CD600C6F795 /* Sources */,
				7CB462DF2C812CD600C6F795 /* Frameworks */,
				7CB462E02C812CD600C6F795 /* Resources */,
			);
			buildRules = (
			);
			dependencies = (
				7CB462E42C812CD600C6F795 /* PBXTargetDependency */,
			);
			name = speedoTransferTests;
			productName = speedoTransferTests;
			productReference = 7CB462E22C812CD600C6F795 /* speedoTransferTests.xctest */;
			productType = "com.apple.product-type.bundle.unit-test";
		};
		7CB462EB2C812CD600C6F795 /* speedoTransferUITests */ = {
			isa = PBXNativeTarget;
			buildConfigurationList = 7CB462FC2C812CD600C6F795 /* Build configuration list for PBXNativeTarget "speedoTransferUITests" */;
			buildPhases = (
				848D7E967E7A4ED28C350CDF /* [CP] Check Pods Manifest.lock */,
				7CB462E82C812CD600C6F795 /* Sources */,
				7CB462E92C812CD600C6F795 /* Frameworks */,
				7CB462EA2C812CD600C6F795 /* Resources */,
				5E22F4C83FD30EC216249BDE /* [CP] Embed Pods Frameworks */,
			);
			buildRules = (
			);
			dependencies = (
				7CB462EE2C812CD600C6F795 /* PBXTargetDependency */,
			);
			name = speedoTransferUITests;
			productName = speedoTransferUITests;
			productReference = 7CB462EC2C812CD600C6F795 /* speedoTransferUITests.xctest */;
			productType = "com.apple.product-type.bundle.ui-testing";
		};
/* End PBXNativeTarget section */

/* Begin PBXProject section */
		7CB462C42C812CD400C6F795 /* Project object */ = {
			isa = PBXProject;
			attributes = {
				BuildIndependentTargetsInParallel = 1;
				LastSwiftUpdateCheck = 1330;
				LastUpgradeCheck = 1540;
				TargetAttributes = {
					7CB462CB2C812CD400C6F795 = {
						CreatedOnToolsVersion = 13.3;
					};
					7CB462E12C812CD600C6F795 = {
						CreatedOnToolsVersion = 13.3;
						TestTargetID = 7CB462CB2C812CD400C6F795;
					};
					7CB462EB2C812CD600C6F795 = {
						CreatedOnToolsVersion = 13.3;
						TestTargetID = 7CB462CB2C812CD400C6F795;
					};
				};
			};
			buildConfigurationList = 7CB462C72C812CD400C6F795 /* Build configuration list for PBXProject "speedoTransfer" */;
			compatibilityVersion = "Xcode 13.0";
			developmentRegion = en;
			hasScannedForEncodings = 0;
			knownRegions = (
				en,
				Base,
			);
			mainGroup = 7CB462C32C812CD400C6F795;
			productRefGroup = 7CB462CD2C812CD400C6F795 /* Products */;
			projectDirPath = "";
			projectRoot = "";
			targets = (
				7CB462CB2C812CD400C6F795 /* speedoTransfer */,
				7CB462E12C812CD600C6F795 /* speedoTransferTests */,
				7CB462EB2C812CD600C6F795 /* speedoTransferUITests */,
			);
		};
/* End PBXProject section */

/* Begin PBXResourcesBuildPhase section */
		7CB462CA2C812CD400C6F795 /* Resources */ = {
			isa = PBXResourcesBuildPhase;
			buildActionMask = 2147483647;
			files = (
				7C40FB212C8DD0B600A55D81 /* MoreTVCell.xib in Resources */,
				6A0B331C2C908AEE00CFADFC /* Main.storyboard in Resources */,
				7CB462DC2C812CD600C6F795 /* LaunchScreen.storyboard in Resources */,
				7CB462D92C812CD600C6F795 /* Assets.xcassets in Resources */,
				7C9415062C91B4DB00FED40B /* favListCellTableViewCell.xib in Resources */,
			);
			runOnlyForDeploymentPostprocessing = 0;
		};
		7CB462E02C812CD600C6F795 /* Resources */ = {
			isa = PBXResourcesBuildPhase;
			buildActionMask = 2147483647;
			files = (
			);
			runOnlyForDeploymentPostprocessing = 0;
		};
		7CB462EA2C812CD600C6F795 /* Resources */ = {
			isa = PBXResourcesBuildPhase;
			buildActionMask = 2147483647;
			files = (
			);
			runOnlyForDeploymentPostprocessing = 0;
		};
/* End PBXResourcesBuildPhase section */

/* Begin PBXShellScriptBuildPhase section */
		523AD036584B5FEA42E62B8C /* [CP] Check Pods Manifest.lock */ = {
			isa = PBXShellScriptBuildPhase;
			buildActionMask = 2147483647;
			files = (
			);
			inputFileListPaths = (
			);
			inputPaths = (
				"${PODS_PODFILE_DIR_PATH}/Podfile.lock",
				"${PODS_ROOT}/Manifest.lock",
			);
			name = "[CP] Check Pods Manifest.lock";
			outputFileListPaths = (
			);
			outputPaths = (
				"$(DERIVED_FILE_DIR)/Pods-speedoTransferTests-checkManifestLockResult.txt",
			);
			runOnlyForDeploymentPostprocessing = 0;
			shellPath = /bin/sh;
			shellScript = "diff \"${PODS_PODFILE_DIR_PATH}/Podfile.lock\" \"${PODS_ROOT}/Manifest.lock\" > /dev/null\nif [ $? != 0 ] ; then\n    # print error to STDERR\n    echo \"error: The sandbox is not in sync with the Podfile.lock. Run 'pod install' or update your CocoaPods installation.\" >&2\n    exit 1\nfi\n# This output is used by Xcode 'outputs' to avoid re-running this script phase.\necho \"SUCCESS\" > \"${SCRIPT_OUTPUT_FILE_0}\"\n";
			showEnvVarsInLog = 0;
		};
		525518627E63CBED24EDC21D /* [CP] Check Pods Manifest.lock */ = {
			isa = PBXShellScriptBuildPhase;
			buildActionMask = 2147483647;
			files = (
			);
			inputFileListPaths = (
			);
			inputPaths = (
				"${PODS_PODFILE_DIR_PATH}/Podfile.lock",
				"${PODS_ROOT}/Manifest.lock",
			);
			name = "[CP] Check Pods Manifest.lock";
			outputFileListPaths = (
			);
			outputPaths = (
				"$(DERIVED_FILE_DIR)/Pods-speedoTransfer-checkManifestLockResult.txt",
			);
			runOnlyForDeploymentPostprocessing = 0;
			shellPath = /bin/sh;
			shellScript = "diff \"${PODS_PODFILE_DIR_PATH}/Podfile.lock\" \"${PODS_ROOT}/Manifest.lock\" > /dev/null\nif [ $? != 0 ] ; then\n    # print error to STDERR\n    echo \"error: The sandbox is not in sync with the Podfile.lock. Run 'pod install' or update your CocoaPods installation.\" >&2\n    exit 1\nfi\n# This output is used by Xcode 'outputs' to avoid re-running this script phase.\necho \"SUCCESS\" > \"${SCRIPT_OUTPUT_FILE_0}\"\n";
			showEnvVarsInLog = 0;
		};
		5E22F4C83FD30EC216249BDE /* [CP] Embed Pods Frameworks */ = {
			isa = PBXShellScriptBuildPhase;
			buildActionMask = 2147483647;
			files = (
			);
			inputFileListPaths = (
				"${PODS_ROOT}/Target Support Files/Pods-speedoTransfer-speedoTransferUITests/Pods-speedoTransfer-speedoTransferUITests-frameworks-${CONFIGURATION}-input-files.xcfilelist",
			);
			name = "[CP] Embed Pods Frameworks";
			outputFileListPaths = (
				"${PODS_ROOT}/Target Support Files/Pods-speedoTransfer-speedoTransferUITests/Pods-speedoTransfer-speedoTransferUITests-frameworks-${CONFIGURATION}-output-files.xcfilelist",
			);
			runOnlyForDeploymentPostprocessing = 0;
			shellPath = /bin/sh;
			shellScript = "\"${PODS_ROOT}/Target Support Files/Pods-speedoTransfer-speedoTransferUITests/Pods-speedoTransfer-speedoTransferUITests-frameworks.sh\"\n";
			showEnvVarsInLog = 0;
		};
		848D7E967E7A4ED28C350CDF /* [CP] Check Pods Manifest.lock */ = {
			isa = PBXShellScriptBuildPhase;
			buildActionMask = 2147483647;
			files = (
			);
			inputFileListPaths = (
			);
			inputPaths = (
				"${PODS_PODFILE_DIR_PATH}/Podfile.lock",
				"${PODS_ROOT}/Manifest.lock",
			);
			name = "[CP] Check Pods Manifest.lock";
			outputFileListPaths = (
			);
			outputPaths = (
				"$(DERIVED_FILE_DIR)/Pods-speedoTransfer-speedoTransferUITests-checkManifestLockResult.txt",
			);
			runOnlyForDeploymentPostprocessing = 0;
			shellPath = /bin/sh;
			shellScript = "diff \"${PODS_PODFILE_DIR_PATH}/Podfile.lock\" \"${PODS_ROOT}/Manifest.lock\" > /dev/null\nif [ $? != 0 ] ; then\n    # print error to STDERR\n    echo \"error: The sandbox is not in sync with the Podfile.lock. Run 'pod install' or update your CocoaPods installation.\" >&2\n    exit 1\nfi\n# This output is used by Xcode 'outputs' to avoid re-running this script phase.\necho \"SUCCESS\" > \"${SCRIPT_OUTPUT_FILE_0}\"\n";
			showEnvVarsInLog = 0;
		};
		F705AFEA35C5512B1D9CCF64 /* [CP] Embed Pods Frameworks */ = {
			isa = PBXShellScriptBuildPhase;
			buildActionMask = 2147483647;
			files = (
			);
			inputFileListPaths = (
				"${PODS_ROOT}/Target Support Files/Pods-speedoTransfer/Pods-speedoTransfer-frameworks-${CONFIGURATION}-input-files.xcfilelist",
			);
			name = "[CP] Embed Pods Frameworks";
			outputFileListPaths = (
				"${PODS_ROOT}/Target Support Files/Pods-speedoTransfer/Pods-speedoTransfer-frameworks-${CONFIGURATION}-output-files.xcfilelist",
			);
			runOnlyForDeploymentPostprocessing = 0;
			shellPath = /bin/sh;
			shellScript = "\"${PODS_ROOT}/Target Support Files/Pods-speedoTransfer/Pods-speedoTransfer-frameworks.sh\"\n";
			showEnvVarsInLog = 0;
		};
/* End PBXShellScriptBuildPhase section */

/* Begin PBXSourcesBuildPhase section */
		7CB462C82C812CD400C6F795 /* Sources */ = {
			isa = PBXSourcesBuildPhase;
			buildActionMask = 2147483647;
			files = (
				7C5A45F62C91E072005FCDC9 /* User.swift in Sources */,
				6A0B332A2C908FA800CFADFC /* FirstSignUpViewController.swift in Sources */,
				7CB462D02C812CD400C6F795 /* AppDelegate.swift in Sources */,
				6ADCC2642C91A8E4007F05F0 /* CustomPresentationController.swift in Sources */,
				6A0B33202C908E9000CFADFC /* TransactionCell.swift in Sources */,
				7C40FB302C8E2B5600A55D81 /* My_cardsVC.swift in Sources */,
				6A0B33282C908FA500CFADFC /* HomeViewController.swift in Sources */,
				6ADCC2682C91B67B007F05F0 /* ConfirmationViewController.swift in Sources */,
				7C40FB1D2C8DCF5800A55D81 /* MoreVC.swift in Sources */,
				7CA1B5602C919983001FC9EB /* FavouritesListViewController.swift in Sources */,
				7C4BFFFB2C91877E00AA2C53 /* FavouriteVC.swift in Sources */,
				6A0B33222C908F8100CFADFC /* SignUpViewController.swift in Sources */,
				7C40FB202C8DD0B600A55D81 /* MoreTVCell.swift in Sources */,
				6ADCC2662C91ACBE007F05F0 /* FavoritesListView.swift in Sources */,
				6A0B33262C908FA300CFADFC /* SignInViewController.swift in Sources */,
				7C6EA3C02C907A33001A3611 /* DemoViewController.swift 15-50-55-050.swift in Sources */,
				6ADCC26C2C91E403007F05F0 /* PaymentViewController.swift in Sources */,
				7CE881D02C922D1C004FBD19 /* InternetIssueVC.swift in Sources */,
				7CE881D22C923B20004FBD19 /* editPopUpMenueVC.swift in Sources */,
				6A0B331B2C9089C500CFADFC /* SceneDelegate.swift in Sources */,
				6A0B33242C908FA000CFADFC /* TransferViewController.swift in Sources */,
				7CE881CE2C922CBB004FBD19 /* ErrorVC.swift in Sources */,
				7C40FB232C8E223000A55D81 /* MoreProfileVC.swift in Sources */,
				7C77D3752C91045B006DDDC4 /* OnboardingViewController.swift in Sources */,
				7C40FB252C8E242B00A55D81 /* Media.swift in Sources */,
				7CB462D02C812CD400C6F795 /* AppDelegate.swift in Sources */,
				6A4229AE2C92AC3300AD324E /* CountrySelectionViewController.swift in Sources */,
				7C9415052C91B4DB00FED40B /* favListCellTableViewCell.swift in Sources */,
				7C6EA3DC2C90A0E9001A3611 /* TabBarVC.swift in Sources */,
				7C40FB2D2C8E287800A55D81 /* TransactionsVC.swift in Sources */,
			);
			runOnlyForDeploymentPostprocessing = 0;
		};
		7CB462DE2C812CD600C6F795 /* Sources */ = {
			isa = PBXSourcesBuildPhase;
			buildActionMask = 2147483647;
			files = (
			);
			runOnlyForDeploymentPostprocessing = 0;
		};
		7CB462E82C812CD600C6F795 /* Sources */ = {
			isa = PBXSourcesBuildPhase;
			buildActionMask = 2147483647;
			files = (
			);
			runOnlyForDeploymentPostprocessing = 0;
		};
/* End PBXSourcesBuildPhase section */

/* Begin PBXTargetDependency section */
		7CB462E42C812CD600C6F795 /* PBXTargetDependency */ = {
			isa = PBXTargetDependency;
			target = 7CB462CB2C812CD400C6F795 /* speedoTransfer */;
			targetProxy = 7CB462E32C812CD600C6F795 /* PBXContainerItemProxy */;
		};
		7CB462EE2C812CD600C6F795 /* PBXTargetDependency */ = {
			isa = PBXTargetDependency;
			target = 7CB462CB2C812CD400C6F795 /* speedoTransfer */;
			targetProxy = 7CB462ED2C812CD600C6F795 /* PBXContainerItemProxy */;
		};
/* End PBXTargetDependency section */

/* Begin PBXVariantGroup section */
		7CB462D52C812CD400C6F795 /* Main.storyboard */ = {
			isa = PBXVariantGroup;
			children = (
				7CB462D62C812CD400C6F795 /* Base */,
			);
			name = Main.storyboard;
			sourceTree = "<group>";
		};
		7CB462DA2C812CD600C6F795 /* LaunchScreen.storyboard */ = {
			isa = PBXVariantGroup;
			children = (
				7CB462DB2C812CD600C6F795 /* Base */,
			);
			name = LaunchScreen.storyboard;
			sourceTree = "<group>";
		};
/* End PBXVariantGroup section */

/* Begin XCBuildConfiguration section */
		7CB462F42C812CD600C6F795 /* Debug */ = {
			isa = XCBuildConfiguration;
			buildSettings = {
				ALWAYS_SEARCH_USER_PATHS = NO;
				CLANG_ANALYZER_NONNULL = YES;
				CLANG_ANALYZER_NUMBER_OBJECT_CONVERSION = YES_AGGRESSIVE;
				CLANG_CXX_LANGUAGE_STANDARD = "gnu++17";
				CLANG_ENABLE_MODULES = YES;
				CLANG_ENABLE_OBJC_ARC = YES;
				CLANG_ENABLE_OBJC_WEAK = YES;
				CLANG_WARN_BLOCK_CAPTURE_AUTORELEASING = YES;
				CLANG_WARN_BOOL_CONVERSION = YES;
				CLANG_WARN_COMMA = YES;
				CLANG_WARN_CONSTANT_CONVERSION = YES;
				CLANG_WARN_DEPRECATED_OBJC_IMPLEMENTATIONS = YES;
				CLANG_WARN_DIRECT_OBJC_ISA_USAGE = YES_ERROR;
				CLANG_WARN_DOCUMENTATION_COMMENTS = YES;
				CLANG_WARN_EMPTY_BODY = YES;
				CLANG_WARN_ENUM_CONVERSION = YES;
				CLANG_WARN_INFINITE_RECURSION = YES;
				CLANG_WARN_INT_CONVERSION = YES;
				CLANG_WARN_NON_LITERAL_NULL_CONVERSION = YES;
				CLANG_WARN_OBJC_IMPLICIT_RETAIN_SELF = YES;
				CLANG_WARN_OBJC_LITERAL_CONVERSION = YES;
				CLANG_WARN_OBJC_ROOT_CLASS = YES_ERROR;
				CLANG_WARN_QUOTED_INCLUDE_IN_FRAMEWORK_HEADER = YES;
				CLANG_WARN_RANGE_LOOP_ANALYSIS = YES;
				CLANG_WARN_STRICT_PROTOTYPES = YES;
				CLANG_WARN_SUSPICIOUS_MOVE = YES;
				CLANG_WARN_UNGUARDED_AVAILABILITY = YES_AGGRESSIVE;
				CLANG_WARN_UNREACHABLE_CODE = YES;
				CLANG_WARN__DUPLICATE_METHOD_MATCH = YES;
				COPY_PHASE_STRIP = NO;
				DEBUG_INFORMATION_FORMAT = dwarf;
				ENABLE_STRICT_OBJC_MSGSEND = YES;
				ENABLE_TESTABILITY = YES;
				ENABLE_USER_SCRIPT_SANDBOXING = NO;
				GCC_C_LANGUAGE_STANDARD = gnu11;
				GCC_DYNAMIC_NO_PIC = NO;
				GCC_NO_COMMON_BLOCKS = YES;
				GCC_OPTIMIZATION_LEVEL = 0;
				GCC_PREPROCESSOR_DEFINITIONS = (
					"DEBUG=1",
					"$(inherited)",
				);
				GCC_WARN_64_TO_32_BIT_CONVERSION = YES;
				GCC_WARN_ABOUT_RETURN_TYPE = YES_ERROR;
				GCC_WARN_UNDECLARED_SELECTOR = YES;
				GCC_WARN_UNINITIALIZED_AUTOS = YES_AGGRESSIVE;
				GCC_WARN_UNUSED_FUNCTION = YES;
				GCC_WARN_UNUSED_VARIABLE = YES;
				IPHONEOS_DEPLOYMENT_TARGET = 15.4;
				MTL_ENABLE_DEBUG_INFO = INCLUDE_SOURCE;
				MTL_FAST_MATH = YES;
				ONLY_ACTIVE_ARCH = YES;
				SDKROOT = iphoneos;
				SWIFT_ACTIVE_COMPILATION_CONDITIONS = DEBUG;
				SWIFT_OPTIMIZATION_LEVEL = "-Onone";
			};
			name = Debug;
		};
		7CB462F52C812CD600C6F795 /* Release */ = {
			isa = XCBuildConfiguration;
			buildSettings = {
				ALWAYS_SEARCH_USER_PATHS = NO;
				CLANG_ANALYZER_NONNULL = YES;
				CLANG_ANALYZER_NUMBER_OBJECT_CONVERSION = YES_AGGRESSIVE;
				CLANG_CXX_LANGUAGE_STANDARD = "gnu++17";
				CLANG_ENABLE_MODULES = YES;
				CLANG_ENABLE_OBJC_ARC = YES;
				CLANG_ENABLE_OBJC_WEAK = YES;
				CLANG_WARN_BLOCK_CAPTURE_AUTORELEASING = YES;
				CLANG_WARN_BOOL_CONVERSION = YES;
				CLANG_WARN_COMMA = YES;
				CLANG_WARN_CONSTANT_CONVERSION = YES;
				CLANG_WARN_DEPRECATED_OBJC_IMPLEMENTATIONS = YES;
				CLANG_WARN_DIRECT_OBJC_ISA_USAGE = YES_ERROR;
				CLANG_WARN_DOCUMENTATION_COMMENTS = YES;
				CLANG_WARN_EMPTY_BODY = YES;
				CLANG_WARN_ENUM_CONVERSION = YES;
				CLANG_WARN_INFINITE_RECURSION = YES;
				CLANG_WARN_INT_CONVERSION = YES;
				CLANG_WARN_NON_LITERAL_NULL_CONVERSION = YES;
				CLANG_WARN_OBJC_IMPLICIT_RETAIN_SELF = YES;
				CLANG_WARN_OBJC_LITERAL_CONVERSION = YES;
				CLANG_WARN_OBJC_ROOT_CLASS = YES_ERROR;
				CLANG_WARN_QUOTED_INCLUDE_IN_FRAMEWORK_HEADER = YES;
				CLANG_WARN_RANGE_LOOP_ANALYSIS = YES;
				CLANG_WARN_STRICT_PROTOTYPES = YES;
				CLANG_WARN_SUSPICIOUS_MOVE = YES;
				CLANG_WARN_UNGUARDED_AVAILABILITY = YES_AGGRESSIVE;
				CLANG_WARN_UNREACHABLE_CODE = YES;
				CLANG_WARN__DUPLICATE_METHOD_MATCH = YES;
				COPY_PHASE_STRIP = NO;
				DEBUG_INFORMATION_FORMAT = "dwarf-with-dsym";
				ENABLE_NS_ASSERTIONS = NO;
				ENABLE_STRICT_OBJC_MSGSEND = YES;
				ENABLE_USER_SCRIPT_SANDBOXING = NO;
				GCC_C_LANGUAGE_STANDARD = gnu11;
				GCC_NO_COMMON_BLOCKS = YES;
				GCC_WARN_64_TO_32_BIT_CONVERSION = YES;
				GCC_WARN_ABOUT_RETURN_TYPE = YES_ERROR;
				GCC_WARN_UNDECLARED_SELECTOR = YES;
				GCC_WARN_UNINITIALIZED_AUTOS = YES_AGGRESSIVE;
				GCC_WARN_UNUSED_FUNCTION = YES;
				GCC_WARN_UNUSED_VARIABLE = YES;
				IPHONEOS_DEPLOYMENT_TARGET = 15.4;
				MTL_ENABLE_DEBUG_INFO = NO;
				MTL_FAST_MATH = YES;
				SDKROOT = iphoneos;
				SWIFT_COMPILATION_MODE = wholemodule;
				SWIFT_OPTIMIZATION_LEVEL = "-O";
				VALIDATE_PRODUCT = YES;
			};
			name = Release;
		};
		7CB462F72C812CD600C6F795 /* Debug */ = {
			isa = XCBuildConfiguration;
			baseConfigurationReference = C7C01CAC01A21E0750F37A31 /* Pods-speedoTransfer.debug.xcconfig */;
			buildSettings = {
				ASSETCATALOG_COMPILER_APPICON_NAME = AppIcon;
				ASSETCATALOG_COMPILER_GLOBAL_ACCENT_COLOR_NAME = AccentColor;
				CODE_SIGN_STYLE = Automatic;
				CURRENT_PROJECT_VERSION = 1;
				GENERATE_INFOPLIST_FILE = YES;
				INFOPLIST_FILE = speedoTransfer/Info.plist;
				INFOPLIST_KEY_UIApplicationSupportsIndirectInputEvents = YES;
				INFOPLIST_KEY_UILaunchStoryboardName = LaunchScreen;
				INFOPLIST_KEY_UIMainStoryboardFile = Main;
				INFOPLIST_KEY_UISupportedInterfaceOrientations_iPad = "UIInterfaceOrientationPortrait UIInterfaceOrientationPortraitUpsideDown UIInterfaceOrientationLandscapeLeft UIInterfaceOrientationLandscapeRight";
				INFOPLIST_KEY_UISupportedInterfaceOrientations_iPhone = "UIInterfaceOrientationPortrait UIInterfaceOrientationLandscapeLeft UIInterfaceOrientationLandscapeRight";
				LD_RUNPATH_SEARCH_PATHS = (
					"$(inherited)",
					"@executable_path/Frameworks",
				);
				MARKETING_VERSION = 1.0;
				PRODUCT_BUNDLE_IDENTIFIER = com.Bankmisr.speedoTransfer;
				PRODUCT_NAME = "$(TARGET_NAME)";
				SWIFT_EMIT_LOC_STRINGS = YES;
				SWIFT_VERSION = 5.0;
				TARGETED_DEVICE_FAMILY = "1,2";
			};
			name = Debug;
		};
		7CB462F82C812CD600C6F795 /* Release */ = {
			isa = XCBuildConfiguration;
			baseConfigurationReference = 7CF9CE8027651FA3DBDFD938 /* Pods-speedoTransfer.release.xcconfig */;
			buildSettings = {
				ASSETCATALOG_COMPILER_APPICON_NAME = AppIcon;
				ASSETCATALOG_COMPILER_GLOBAL_ACCENT_COLOR_NAME = AccentColor;
				CODE_SIGN_STYLE = Automatic;
				CURRENT_PROJECT_VERSION = 1;
				GENERATE_INFOPLIST_FILE = YES;
				INFOPLIST_FILE = speedoTransfer/Info.plist;
				INFOPLIST_KEY_UIApplicationSupportsIndirectInputEvents = YES;
				INFOPLIST_KEY_UILaunchStoryboardName = LaunchScreen;
				INFOPLIST_KEY_UIMainStoryboardFile = Main;
				INFOPLIST_KEY_UISupportedInterfaceOrientations_iPad = "UIInterfaceOrientationPortrait UIInterfaceOrientationPortraitUpsideDown UIInterfaceOrientationLandscapeLeft UIInterfaceOrientationLandscapeRight";
				INFOPLIST_KEY_UISupportedInterfaceOrientations_iPhone = "UIInterfaceOrientationPortrait UIInterfaceOrientationLandscapeLeft UIInterfaceOrientationLandscapeRight";
				LD_RUNPATH_SEARCH_PATHS = (
					"$(inherited)",
					"@executable_path/Frameworks",
				);
				MARKETING_VERSION = 1.0;
				PRODUCT_BUNDLE_IDENTIFIER = com.Bankmisr.speedoTransfer;
				PRODUCT_NAME = "$(TARGET_NAME)";
				SWIFT_EMIT_LOC_STRINGS = YES;
				SWIFT_VERSION = 5.0;
				TARGETED_DEVICE_FAMILY = "1,2";
			};
			name = Release;
		};
		7CB462FA2C812CD600C6F795 /* Debug */ = {
			isa = XCBuildConfiguration;
			baseConfigurationReference = 86F3268F435502358BD406FE /* Pods-speedoTransferTests.debug.xcconfig */;
			buildSettings = {
				ALWAYS_EMBED_SWIFT_STANDARD_LIBRARIES = YES;
				BUNDLE_LOADER = "$(TEST_HOST)";
				CODE_SIGN_STYLE = Automatic;
				CURRENT_PROJECT_VERSION = 1;
				GENERATE_INFOPLIST_FILE = YES;
				IPHONEOS_DEPLOYMENT_TARGET = 15.4;
				MARKETING_VERSION = 1.0;
				PRODUCT_BUNDLE_IDENTIFIER = com.Bankmisr.speedoTransferTests;
				PRODUCT_NAME = "$(TARGET_NAME)";
				SWIFT_EMIT_LOC_STRINGS = NO;
				SWIFT_VERSION = 5.0;
				TARGETED_DEVICE_FAMILY = "1,2";
				TEST_HOST = "$(BUILT_PRODUCTS_DIR)/speedoTransfer.app/speedoTransfer";
			};
			name = Debug;
		};
		7CB462FB2C812CD600C6F795 /* Release */ = {
			isa = XCBuildConfiguration;
			baseConfigurationReference = 1FBB9BE78116CB2344D78D7F /* Pods-speedoTransferTests.release.xcconfig */;
			buildSettings = {
				ALWAYS_EMBED_SWIFT_STANDARD_LIBRARIES = YES;
				BUNDLE_LOADER = "$(TEST_HOST)";
				CODE_SIGN_STYLE = Automatic;
				CURRENT_PROJECT_VERSION = 1;
				GENERATE_INFOPLIST_FILE = YES;
				IPHONEOS_DEPLOYMENT_TARGET = 15.4;
				MARKETING_VERSION = 1.0;
				PRODUCT_BUNDLE_IDENTIFIER = com.Bankmisr.speedoTransferTests;
				PRODUCT_NAME = "$(TARGET_NAME)";
				SWIFT_EMIT_LOC_STRINGS = NO;
				SWIFT_VERSION = 5.0;
				TARGETED_DEVICE_FAMILY = "1,2";
				TEST_HOST = "$(BUILT_PRODUCTS_DIR)/speedoTransfer.app/speedoTransfer";
			};
			name = Release;
		};
		7CB462FD2C812CD600C6F795 /* Debug */ = {
			isa = XCBuildConfiguration;
			baseConfigurationReference = 6FE020021F1691D916586A4B /* Pods-speedoTransfer-speedoTransferUITests.debug.xcconfig */;
			buildSettings = {
				ALWAYS_EMBED_SWIFT_STANDARD_LIBRARIES = YES;
				CODE_SIGN_STYLE = Automatic;
				CURRENT_PROJECT_VERSION = 1;
				GENERATE_INFOPLIST_FILE = YES;
				MARKETING_VERSION = 1.0;
				PRODUCT_BUNDLE_IDENTIFIER = com.Bankmisr.speedoTransferUITests;
				PRODUCT_NAME = "$(TARGET_NAME)";
				SWIFT_EMIT_LOC_STRINGS = NO;
				SWIFT_VERSION = 5.0;
				TARGETED_DEVICE_FAMILY = "1,2";
				TEST_TARGET_NAME = speedoTransfer;
			};
			name = Debug;
		};
		7CB462FE2C812CD600C6F795 /* Release */ = {
			isa = XCBuildConfiguration;
			baseConfigurationReference = 22DEE18B507D82DFD7471FE8 /* Pods-speedoTransfer-speedoTransferUITests.release.xcconfig */;
			buildSettings = {
				ALWAYS_EMBED_SWIFT_STANDARD_LIBRARIES = YES;
				CODE_SIGN_STYLE = Automatic;
				CURRENT_PROJECT_VERSION = 1;
				GENERATE_INFOPLIST_FILE = YES;
				MARKETING_VERSION = 1.0;
				PRODUCT_BUNDLE_IDENTIFIER = com.Bankmisr.speedoTransferUITests;
				PRODUCT_NAME = "$(TARGET_NAME)";
				SWIFT_EMIT_LOC_STRINGS = NO;
				SWIFT_VERSION = 5.0;
				TARGETED_DEVICE_FAMILY = "1,2";
				TEST_TARGET_NAME = speedoTransfer;
			};
			name = Release;
		};
/* End XCBuildConfiguration section */

/* Begin XCConfigurationList section */
		7CB462C72C812CD400C6F795 /* Build configuration list for PBXProject "speedoTransfer" */ = {
			isa = XCConfigurationList;
			buildConfigurations = (
				7CB462F42C812CD600C6F795 /* Debug */,
				7CB462F52C812CD600C6F795 /* Release */,
			);
			defaultConfigurationIsVisible = 0;
			defaultConfigurationName = Release;
		};
		7CB462F62C812CD600C6F795 /* Build configuration list for PBXNativeTarget "speedoTransfer" */ = {
			isa = XCConfigurationList;
			buildConfigurations = (
				7CB462F72C812CD600C6F795 /* Debug */,
				7CB462F82C812CD600C6F795 /* Release */,
			);
			defaultConfigurationIsVisible = 0;
			defaultConfigurationName = Release;
		};
		7CB462F92C812CD600C6F795 /* Build configuration list for PBXNativeTarget "speedoTransferTests" */ = {
			isa = XCConfigurationList;
			buildConfigurations = (
				7CB462FA2C812CD600C6F795 /* Debug */,
				7CB462FB2C812CD600C6F795 /* Release */,
			);
			defaultConfigurationIsVisible = 0;
			defaultConfigurationName = Release;
		};
		7CB462FC2C812CD600C6F795 /* Build configuration list for PBXNativeTarget "speedoTransferUITests" */ = {
			isa = XCConfigurationList;
			buildConfigurations = (
				7CB462FD2C812CD600C6F795 /* Debug */,
				7CB462FE2C812CD600C6F795 /* Release */,
			);
			defaultConfigurationIsVisible = 0;
			defaultConfigurationName = Release;
		};
/* End XCConfigurationList section */
	};
	rootObject = 7CB462C42C812CD400C6F795 /* Project object */;
}
