// !$*UTF8*$!
{
	archiveVersion = 1;
	classes = {
	};
	objectVersion = 55;
	objects = {

/* Begin PBXBuildFile section */
		6ABF78EB2C88700900E966C5 /* FirstSignUpViewController.swift in Sources */ = {isa = PBXBuildFile; fileRef = 6ABF78EA2C88700900E966C5 /* FirstSignUpViewController.swift */; };
		6AF29C292C8DE4EE0059F93A /* SignUpViewController.swift in Sources */ = {isa = PBXBuildFile; fileRef = 6AF29C282C8DE4ED0059F93A /* SignUpViewController.swift */; };
		6AF29C2D2C8E13400059F93A /* SignInViewController.swift in Sources */ = {isa = PBXBuildFile; fileRef = 6AF29C2C2C8E13400059F93A /* SignInViewController.swift */; };
		7C40FB1D2C8DCF5800A55D81 /* MoreVC.swift in Sources */ = {isa = PBXBuildFile; fileRef = 7C40FB1C2C8DCF5800A55D81 /* MoreVC.swift */; };
		7C40FB202C8DD0B600A55D81 /* MoreTVCell.swift in Sources */ = {isa = PBXBuildFile; fileRef = 7C40FB1E2C8DD0B600A55D81 /* MoreTVCell.swift */; };
		7C40FB212C8DD0B600A55D81 /* MoreTVCell.xib in Resources */ = {isa = PBXBuildFile; fileRef = 7C40FB1F2C8DD0B600A55D81 /* MoreTVCell.xib */; };
		7C40FB232C8E223000A55D81 /* MoreProfileVC.swift in Sources */ = {isa = PBXBuildFile; fileRef = 7C40FB222C8E223000A55D81 /* MoreProfileVC.swift */; };
		7C40FB252C8E242B00A55D81 /* Media.swift in Sources */ = {isa = PBXBuildFile; fileRef = 7C40FB242C8E242B00A55D81 /* Media.swift */; };
		7C40FB292C8E27F600A55D81 /* HomeVC.swift in Sources */ = {isa = PBXBuildFile; fileRef = 7C40FB282C8E27F600A55D81 /* HomeVC.swift */; };
		7C40FB2B2C8E283700A55D81 /* TransferVC.swift in Sources */ = {isa = PBXBuildFile; fileRef = 7C40FB2A2C8E283700A55D81 /* TransferVC.swift */; };
		7C40FB2D2C8E287800A55D81 /* TransactionsVC.swift in Sources */ = {isa = PBXBuildFile; fileRef = 7C40FB2C2C8E287800A55D81 /* TransactionsVC.swift */; };
		7C40FB302C8E2B5600A55D81 /* My_cardsVC.swift in Sources */ = {isa = PBXBuildFile; fileRef = 7C40FB2F2C8E2B5600A55D81 /* My_cardsVC.swift */; };
		7CB462D02C812CD400C6F795 /* AppDelegate.swift in Sources */ = {isa = PBXBuildFile; fileRef = 7CB462CF2C812CD400C6F795 /* AppDelegate.swift */; };
		7CB462D22C812CD400C6F795 /* SceneDelegate.swift in Sources */ = {isa = PBXBuildFile; fileRef = 7CB462D12C812CD400C6F795 /* SceneDelegate.swift */; };
		7CB462D72C812CD400C6F795 /* Main.storyboard in Resources */ = {isa = PBXBuildFile; fileRef = 7CB462D52C812CD400C6F795 /* Main.storyboard */; };
		7CB462D92C812CD600C6F795 /* Assets.xcassets in Resources */ = {isa = PBXBuildFile; fileRef = 7CB462D82C812CD600C6F795 /* Assets.xcassets */; };
		7CB462DC2C812CD600C6F795 /* LaunchScreen.storyboard in Resources */ = {isa = PBXBuildFile; fileRef = 7CB462DA2C812CD600C6F795 /* LaunchScreen.storyboard */; };
		7CB462E72C812CD600C6F795 /* speedoTransferTests.swift in Sources */ = {isa = PBXBuildFile; fileRef = 7CB462E62C812CD600C6F795 /* speedoTransferTests.swift */; };
		7CB462F12C812CD600C6F795 /* speedoTransferUITests.swift in Sources */ = {isa = PBXBuildFile; fileRef = 7CB462F02C812CD600C6F795 /* speedoTransferUITests.swift */; };
		7CB462F32C812CD600C6F795 /* speedoTransferUITestsLaunchTests.swift in Sources */ = {isa = PBXBuildFile; fileRef = 7CB462F22C812CD600C6F795 /* speedoTransferUITestsLaunchTests.swift */; };
/* End PBXBuildFile section */

/* Begin PBXContainerItemProxy section */
		7CB462E32C812CD600C6F795 /* PBXContainerItemProxy */ = {
			isa = PBXContainerItemProxy;
			containerPortal = 7CB462C42C812CD400C6F795 /* Project object */;
			proxyType = 1;
			remoteGlobalIDString = 7CB462CB2C812CD400C6F795;
			remoteInfo = speedoTransfer;
		};
		7CB462ED2C812CD600C6F795 /* PBXContainerItemProxy */ = {
			isa = PBXContainerItemProxy;
			containerPortal = 7CB462C42C812CD400C6F795 /* Project object */;
			proxyType = 1;
			remoteGlobalIDString = 7CB462CB2C812CD400C6F795;
			remoteInfo = speedoTransfer;
		};
/* End PBXContainerItemProxy section */

/* Begin PBXFileReference section */
		6ABF78EA2C88700900E966C5 /* FirstSignUpViewController.swift */ = {isa = PBXFileReference; lastKnownFileType = sourcecode.swift; path = FirstSignUpViewController.swift; sourceTree = "<group>"; };
		6AF29C282C8DE4ED0059F93A /* SignUpViewController.swift */ = {isa = PBXFileReference; lastKnownFileType = sourcecode.swift; path = SignUpViewController.swift; sourceTree = "<group>"; };
		6AF29C2C2C8E13400059F93A /* SignInViewController.swift */ = {isa = PBXFileReference; lastKnownFileType = sourcecode.swift; path = SignInViewController.swift; sourceTree = "<group>"; };
		7C40FB1C2C8DCF5800A55D81 /* MoreVC.swift */ = {isa = PBXFileReference; lastKnownFileType = sourcecode.swift; path = MoreVC.swift; sourceTree = "<group>"; };
		7C40FB1E2C8DD0B600A55D81 /* MoreTVCell.swift */ = {isa = PBXFileReference; lastKnownFileType = sourcecode.swift; path = MoreTVCell.swift; sourceTree = "<group>"; };
		7C40FB1F2C8DD0B600A55D81 /* MoreTVCell.xib */ = {isa = PBXFileReference; lastKnownFileType = file.xib; path = MoreTVCell.xib; sourceTree = "<group>"; };
		7C40FB222C8E223000A55D81 /* MoreProfileVC.swift */ = {isa = PBXFileReference; lastKnownFileType = sourcecode.swift; path = MoreProfileVC.swift; sourceTree = "<group>"; };
		7C40FB242C8E242B00A55D81 /* Media.swift */ = {isa = PBXFileReference; lastKnownFileType = sourcecode.swift; path = Media.swift; sourceTree = "<group>"; };
		7C40FB282C8E27F600A55D81 /* HomeVC.swift */ = {isa = PBXFileReference; lastKnownFileType = sourcecode.swift; path = HomeVC.swift; sourceTree = "<group>"; };
		7C40FB2A2C8E283700A55D81 /* TransferVC.swift */ = {isa = PBXFileReference; lastKnownFileType = sourcecode.swift; path = TransferVC.swift; sourceTree = "<group>"; };
		7C40FB2C2C8E287800A55D81 /* TransactionsVC.swift */ = {isa = PBXFileReference; lastKnownFileType = sourcecode.swift; path = TransactionsVC.swift; sourceTree = "<group>"; };
		7C40FB2F2C8E2B5600A55D81 /* My_cardsVC.swift */ = {isa = PBXFileReference; lastKnownFileType = sourcecode.swift; path = My_cardsVC.swift; sourceTree = "<group>"; };
		7CB462CC2C812CD400C6F795 /* speedoTransfer.app */ = {isa = PBXFileReference; explicitFileType = wrapper.application; includeInIndex = 0; path = speedoTransfer.app; sourceTree = BUILT_PRODUCTS_DIR; };
		7CB462CF2C812CD400C6F795 /* AppDelegate.swift */ = {isa = PBXFileReference; lastKnownFileType = sourcecode.swift; path = AppDelegate.swift; sourceTree = "<group>"; };
		7CB462D12C812CD400C6F795 /* SceneDelegate.swift */ = {isa = PBXFileReference; lastKnownFileType = sourcecode.swift; path = SceneDelegate.swift; sourceTree = "<group>"; };
		7CB462D62C812CD400C6F795 /* Base */ = {isa = PBXFileReference; lastKnownFileType = file.storyboard; name = Base; path = Base.lproj/Main.storyboard; sourceTree = "<group>"; };
		7CB462D82C812CD600C6F795 /* Assets.xcassets */ = {isa = PBXFileReference; lastKnownFileType = folder.assetcatalog; path = Assets.xcassets; sourceTree = "<group>"; };
		7CB462DB2C812CD600C6F795 /* Base */ = {isa = PBXFileReference; lastKnownFileType = file.storyboard; name = Base; path = Base.lproj/LaunchScreen.storyboard; sourceTree = "<group>"; };
		7CB462DD2C812CD600C6F795 /* Info.plist */ = {isa = PBXFileReference; lastKnownFileType = text.plist.xml; path = Info.plist; sourceTree = "<group>"; };
		7CB462E22C812CD600C6F795 /* speedoTransferTests.xctest */ = {isa = PBXFileReference; explicitFileType = wrapper.cfbundle; includeInIndex = 0; path = speedoTransferTests.xctest; sourceTree = BUILT_PRODUCTS_DIR; };
		7CB462E62C812CD600C6F795 /* speedoTransferTests.swift */ = {isa = PBXFileReference; lastKnownFileType = sourcecode.swift; path = speedoTransferTests.swift; sourceTree = "<group>"; };
		7CB462EC2C812CD600C6F795 /* speedoTransferUITests.xctest */ = {isa = PBXFileReference; explicitFileType = wrapper.cfbundle; includeInIndex = 0; path = speedoTransferUITests.xctest; sourceTree = BUILT_PRODUCTS_DIR; };
		7CB462F02C812CD600C6F795 /* speedoTransferUITests.swift */ = {isa = PBXFileReference; lastKnownFileType = sourcecode.swift; path = speedoTransferUITests.swift; sourceTree = "<group>"; };
		7CB462F22C812CD600C6F795 /* speedoTransferUITestsLaunchTests.swift */ = {isa = PBXFileReference; lastKnownFileType = sourcecode.swift; path = speedoTransferUITestsLaunchTests.swift; sourceTree = "<group>"; };
/* End PBXFileReference section */

/* Begin PBXFrameworksBuildPhase section */
		7CB462C92C812CD400C6F795 /* Frameworks */ = {
			isa = PBXFrameworksBuildPhase;
			buildActionMask = 2147483647;
			files = (
			);
			runOnlyForDeploymentPostprocessing = 0;
		};
		7CB462DF2C812CD600C6F795 /* Frameworks */ = {
			isa = PBXFrameworksBuildPhase;
			buildActionMask = 2147483647;
			files = (
			);
			runOnlyForDeploymentPostprocessing = 0;
		};
		7CB462E92C812CD600C6F795 /* Frameworks */ = {
			isa = PBXFrameworksBuildPhase;
			buildActionMask = 2147483647;
			files = (
			);
			runOnlyForDeploymentPostprocessing = 0;
		};
/* End PBXFrameworksBuildPhase section */

/* Begin PBXGroup section */
		7C40FB2E2C8E2AC700A55D81 /* View */ = {
			isa = PBXGroup;
			children = (
				7C40FB1C2C8DCF5800A55D81 /* MoreVC.swift */,
				7C40FB222C8E223000A55D81 /* MoreProfileVC.swift */,
				7C40FB282C8E27F600A55D81 /* HomeVC.swift */,
				7C40FB2A2C8E283700A55D81 /* TransferVC.swift */,
				7C40FB2C2C8E287800A55D81 /* TransactionsVC.swift */,
				7C40FB2F2C8E2B5600A55D81 /* My_cardsVC.swift */,
			);
			path = View;
			sourceTree = "<group>";
		};
		7CB462C32C812CD400C6F795 = {
			isa = PBXGroup;
			children = (
				7CB462CE2C812CD400C6F795 /* speedoTransfer */,
				7CB462E52C812CD600C6F795 /* speedoTransferTests */,
				7CB462EF2C812CD600C6F795 /* speedoTransferUITests */,
				7CB462CD2C812CD400C6F795 /* Products */,
			);
			sourceTree = "<group>";
		};
		7CB462CD2C812CD400C6F795 /* Products */ = {
			isa = PBXGroup;
			children = (
				7CB462CC2C812CD400C6F795 /* speedoTransfer.app */,
				7CB462E22C812CD600C6F795 /* speedoTransferTests.xctest */,
				7CB462EC2C812CD600C6F795 /* speedoTransferUITests.xctest */,
			);
			name = Products;
			sourceTree = "<group>";
		};
		7CB462CE2C812CD400C6F795 /* speedoTransfer */ = {
			isa = PBXGroup;
			children = (
				7C40FB2E2C8E2AC700A55D81 /* View */,
				7CB462CF2C812CD400C6F795 /* AppDelegate.swift */,
				7CB462D12C812CD400C6F795 /* SceneDelegate.swift */,
				7CB462D52C812CD400C6F795 /* Main.storyboard */,
				7CB462D82C812CD600C6F795 /* Assets.xcassets */,
				7CB462DA2C812CD600C6F795 /* LaunchScreen.storyboard */,
				7CB462DD2C812CD600C6F795 /* Info.plist */,
				6ABF78EA2C88700900E966C5 /* FirstSignUpViewController.swift */,
				6AF29C282C8DE4ED0059F93A /* SignUpViewController.swift */,
				6AF29C2C2C8E13400059F93A /* SignInViewController.swift */,
				7C40FB1E2C8DD0B600A55D81 /* MoreTVCell.swift */,
				7C40FB1F2C8DD0B600A55D81 /* MoreTVCell.xib */,
				7C40FB242C8E242B00A55D81 /* Media.swift */,
			);
			path = speedoTransfer;
			sourceTree = "<group>";
		};
		7CB462E52C812CD600C6F795 /* speedoTransferTests */ = {
			isa = PBXGroup;
			children = (
				7CB462E62C812CD600C6F795 /* speedoTransferTests.swift */,
			);
			path = speedoTransferTests;
			sourceTree = "<group>";
		};
		7CB462EF2C812CD600C6F795 /* speedoTransferUITests */ = {
			isa = PBXGroup;
			children = (
				7CB462F02C812CD600C6F795 /* speedoTransferUITests.swift */,
				7CB462F22C812CD600C6F795 /* speedoTransferUITestsLaunchTests.swift */,
			);
			path = speedoTransferUITests;
			sourceTree = "<group>";
		};
/* End PBXGroup section */

/* Begin PBXNativeTarget section */
		7CB462CB2C812CD400C6F795 /* speedoTransfer */ = {
			isa = PBXNativeTarget;
			buildConfigurationList = 7CB462F62C812CD600C6F795 /* Build configuration list for PBXNativeTarget "speedoTransfer" */;
			buildPhases = (
				7CB462C82C812CD400C6F795 /* Sources */,
				7CB462C92C812CD400C6F795 /* Frameworks */,
				7CB462CA2C812CD400C6F795 /* Resources */,
			);
			buildRules = (
			);
			dependencies = (
			);
			name = speedoTransfer;
			productName = speedoTransfer;
			productReference = 7CB462CC2C812CD400C6F795 /* speedoTransfer.app */;
			productType = "com.apple.product-type.application";
		};
		7CB462E12C812CD600C6F795 /* speedoTransferTests */ = {
			isa = PBXNativeTarget;
			buildConfigurationList = 7CB462F92C812CD600C6F795 /* Build configuration list for PBXNativeTarget "speedoTransferTests" */;
			buildPhases = (
				7CB462DE2C812CD600C6F795 /* Sources */,
				7CB462DF2C812CD600C6F795 /* Frameworks */,
				7CB462E02C812CD600C6F795 /* Resources */,
			);
			buildRules = (
			);
			dependencies = (
				7CB462E42C812CD600C6F795 /* PBXTargetDependency */,
			);
			name = speedoTransferTests;
			productName = speedoTransferTests;
			productReference = 7CB462E22C812CD600C6F795 /* speedoTransferTests.xctest */;
			productType = "com.apple.product-type.bundle.unit-test";
		};
		7CB462EB2C812CD600C6F795 /* speedoTransferUITests */ = {
			isa = PBXNativeTarget;
			buildConfigurationList = 7CB462FC2C812CD600C6F795 /* Build configuration list for PBXNativeTarget "speedoTransferUITests" */;
			buildPhases = (
				7CB462E82C812CD600C6F795 /* Sources */,
				7CB462E92C812CD600C6F795 /* Frameworks */,
				7CB462EA2C812CD600C6F795 /* Resources */,
			);
			buildRules = (
			);
			dependencies = (
				7CB462EE2C812CD600C6F795 /* PBXTargetDependency */,
			);
			name = speedoTransferUITests;
			productName = speedoTransferUITests;
			productReference = 7CB462EC2C812CD600C6F795 /* speedoTransferUITests.xctest */;
			productType = "com.apple.product-type.bundle.ui-testing";
		};
/* End PBXNativeTarget section */

/* Begin PBXProject section */
		7CB462C42C812CD400C6F795 /* Project object */ = {
			isa = PBXProject;
			attributes = {
				BuildIndependentTargetsInParallel = 1;
				LastSwiftUpdateCheck = 1330;
				LastUpgradeCheck = 1540;
				TargetAttributes = {
					7CB462CB2C812CD400C6F795 = {
						CreatedOnToolsVersion = 13.3;
					};
					7CB462E12C812CD600C6F795 = {
						CreatedOnToolsVersion = 13.3;
						TestTargetID = 7CB462CB2C812CD400C6F795;
					};
					7CB462EB2C812CD600C6F795 = {
						CreatedOnToolsVersion = 13.3;
						TestTargetID = 7CB462CB2C812CD400C6F795;
					};
				};
			};
			buildConfigurationList = 7CB462C72C812CD400C6F795 /* Build configuration list for PBXProject "speedoTransfer" */;
			compatibilityVersion = "Xcode 13.0";
			developmentRegion = en;
			hasScannedForEncodings = 0;
			knownRegions = (
				en,
				Base,
			);
			mainGroup = 7CB462C32C812CD400C6F795;
			productRefGroup = 7CB462CD2C812CD400C6F795 /* Products */;
			projectDirPath = "";
			projectRoot = "";
			targets = (
				7CB462CB2C812CD400C6F795 /* speedoTransfer */,
				7CB462E12C812CD600C6F795 /* speedoTransferTests */,
				7CB462EB2C812CD600C6F795 /* speedoTransferUITests */,
			);
		};
/* End PBXProject section */

/* Begin PBXResourcesBuildPhase section */
		7CB462CA2C812CD400C6F795 /* Resources */ = {
			isa = PBXResourcesBuildPhase;
			buildActionMask = 2147483647;
			files = (
				7C40FB212C8DD0B600A55D81 /* MoreTVCell.xib in Resources */,
				7CB462DC2C812CD600C6F795 /* LaunchScreen.storyboard in Resources */,
				7CB462D92C812CD600C6F795 /* Assets.xcassets in Resources */,
				7CB462D72C812CD400C6F795 /* Main.storyboard in Resources */,
			);
			runOnlyForDeploymentPostprocessing = 0;
		};
		7CB462E02C812CD600C6F795 /* Resources */ = {
			isa = PBXResourcesBuildPhase;
			buildActionMask = 2147483647;
			files = (
			);
			runOnlyForDeploymentPostprocessing = 0;
		};
		7CB462EA2C812CD600C6F795 /* Resources */ = {
			isa = PBXResourcesBuildPhase;
			buildActionMask = 2147483647;
			files = (
			);
			runOnlyForDeploymentPostprocessing = 0;
		};
/* End PBXResourcesBuildPhase section */

/* Begin PBXSourcesBuildPhase section */
		7CB462C82C812CD400C6F795 /* Sources */ = {
			isa = PBXSourcesBuildPhase;
			buildActionMask = 2147483647;
			files = (
				7CB462D02C812CD400C6F795 /* AppDelegate.swift in Sources */,
				6ABF78EB2C88700900E966C5 /* FirstSignUpViewController.swift in Sources */,
				7C40FB302C8E2B5600A55D81 /* My_cardsVC.swift in Sources */,
				7C40FB292C8E27F600A55D81 /* HomeVC.swift in Sources */,
				7C40FB1D2C8DCF5800A55D81 /* MoreVC.swift in Sources */,
				7C40FB202C8DD0B600A55D81 /* MoreTVCell.swift in Sources */,
				7C40FB232C8E223000A55D81 /* MoreProfileVC.swift in Sources */,
				7C40FB2B2C8E283700A55D81 /* TransferVC.swift in Sources */,
				7C40FB252C8E242B00A55D81 /* Media.swift in Sources */,
				7CB462D02C812CD400C6F795 /* AppDelegate.swift in Sources */,
				7C40FB2D2C8E287800A55D81 /* TransactionsVC.swift in Sources */,
				7CB462D22C812CD400C6F795 /* SceneDelegate.swift in Sources */,
				6AF29C2D2C8E13400059F93A /* SignInViewController.swift in Sources */,
				6AF29C292C8DE4EE0059F93A /* SignUpViewController.swift in Sources */,
			);
			runOnlyForDeploymentPostprocessing = 0;
		};
		7CB462DE2C812CD600C6F795 /* Sources */ = {
			isa = PBXSourcesBuildPhase;
			buildActionMask = 2147483647;
			files = (
				7CB462E72C812CD600C6F795 /* speedoTransferTests.swift in Sources */,
			);
			runOnlyForDeploymentPostprocessing = 0;
		};
		7CB462E82C812CD600C6F795 /* Sources */ = {
			isa = PBXSourcesBuildPhase;
			buildActionMask = 2147483647;
			files = (
				7CB462F12C812CD600C6F795 /* speedoTransferUITests.swift in Sources */,
				7CB462F32C812CD600C6F795 /* speedoTransferUITestsLaunchTests.swift in Sources */,
			);
			runOnlyForDeploymentPostprocessing = 0;
		};
/* End PBXSourcesBuildPhase section */

/* Begin PBXTargetDependency section */
		7CB462E42C812CD600C6F795 /* PBXTargetDependency */ = {
			isa = PBXTargetDependency;
			target = 7CB462CB2C812CD400C6F795 /* speedoTransfer */;
			targetProxy = 7CB462E32C812CD600C6F795 /* PBXContainerItemProxy */;
		};
		7CB462EE2C812CD600C6F795 /* PBXTargetDependency */ = {
			isa = PBXTargetDependency;
			target = 7CB462CB2C812CD400C6F795 /* speedoTransfer */;
			targetProxy = 7CB462ED2C812CD600C6F795 /* PBXContainerItemProxy */;
		};
/* End PBXTargetDependency section */

/* Begin PBXVariantGroup section */
		7CB462D52C812CD400C6F795 /* Main.storyboard */ = {
			isa = PBXVariantGroup;
			children = (
				7CB462D62C812CD400C6F795 /* Base */,
			);
			name = Main.storyboard;
			sourceTree = "<group>";
		};
		7CB462DA2C812CD600C6F795 /* LaunchScreen.storyboard */ = {
			isa = PBXVariantGroup;
			children = (
				7CB462DB2C812CD600C6F795 /* Base */,
			);
			name = LaunchScreen.storyboard;
			sourceTree = "<group>";
		};
/* End PBXVariantGroup section */

/* Begin XCBuildConfiguration section */
		7CB462F42C812CD600C6F795 /* Debug */ = {
			isa = XCBuildConfiguration;
			buildSettings = {
				ALWAYS_SEARCH_USER_PATHS = NO;
				CLANG_ANALYZER_NONNULL = YES;
				CLANG_ANALYZER_NUMBER_OBJECT_CONVERSION = YES_AGGRESSIVE;
				CLANG_CXX_LANGUAGE_STANDARD = "gnu++17";
				CLANG_ENABLE_MODULES = YES;
				CLANG_ENABLE_OBJC_ARC = YES;
				CLANG_ENABLE_OBJC_WEAK = YES;
				CLANG_WARN_BLOCK_CAPTURE_AUTORELEASING = YES;
				CLANG_WARN_BOOL_CONVERSION = YES;
				CLANG_WARN_COMMA = YES;
				CLANG_WARN_CONSTANT_CONVERSION = YES;
				CLANG_WARN_DEPRECATED_OBJC_IMPLEMENTATIONS = YES;
				CLANG_WARN_DIRECT_OBJC_ISA_USAGE = YES_ERROR;
				CLANG_WARN_DOCUMENTATION_COMMENTS = YES;
				CLANG_WARN_EMPTY_BODY = YES;
				CLANG_WARN_ENUM_CONVERSION = YES;
				CLANG_WARN_INFINITE_RECURSION = YES;
				CLANG_WARN_INT_CONVERSION = YES;
				CLANG_WARN_NON_LITERAL_NULL_CONVERSION = YES;
				CLANG_WARN_OBJC_IMPLICIT_RETAIN_SELF = YES;
				CLANG_WARN_OBJC_LITERAL_CONVERSION = YES;
				CLANG_WARN_OBJC_ROOT_CLASS = YES_ERROR;
				CLANG_WARN_QUOTED_INCLUDE_IN_FRAMEWORK_HEADER = YES;
				CLANG_WARN_RANGE_LOOP_ANALYSIS = YES;
				CLANG_WARN_STRICT_PROTOTYPES = YES;
				CLANG_WARN_SUSPICIOUS_MOVE = YES;
				CLANG_WARN_UNGUARDED_AVAILABILITY = YES_AGGRESSIVE;
				CLANG_WARN_UNREACHABLE_CODE = YES;
				CLANG_WARN__DUPLICATE_METHOD_MATCH = YES;
				COPY_PHASE_STRIP = NO;
				DEBUG_INFORMATION_FORMAT = dwarf;
				ENABLE_STRICT_OBJC_MSGSEND = YES;
				ENABLE_TESTABILITY = YES;
				ENABLE_USER_SCRIPT_SANDBOXING = YES;
				GCC_C_LANGUAGE_STANDARD = gnu11;
				GCC_DYNAMIC_NO_PIC = NO;
				GCC_NO_COMMON_BLOCKS = YES;
				GCC_OPTIMIZATION_LEVEL = 0;
				GCC_PREPROCESSOR_DEFINITIONS = (
					"DEBUG=1",
					"$(inherited)",
				);
				GCC_WARN_64_TO_32_BIT_CONVERSION = YES;
				GCC_WARN_ABOUT_RETURN_TYPE = YES_ERROR;
				GCC_WARN_UNDECLARED_SELECTOR = YES;
				GCC_WARN_UNINITIALIZED_AUTOS = YES_AGGRESSIVE;
				GCC_WARN_UNUSED_FUNCTION = YES;
				GCC_WARN_UNUSED_VARIABLE = YES;
				IPHONEOS_DEPLOYMENT_TARGET = 15.4;
				MTL_ENABLE_DEBUG_INFO = INCLUDE_SOURCE;
				MTL_FAST_MATH = YES;
				ONLY_ACTIVE_ARCH = YES;
				SDKROOT = iphoneos;
				SWIFT_ACTIVE_COMPILATION_CONDITIONS = DEBUG;
				SWIFT_OPTIMIZATION_LEVEL = "-Onone";
			};
			name = Debug;
		};
		7CB462F52C812CD600C6F795 /* Release */ = {
			isa = XCBuildConfiguration;
			buildSettings = {
				ALWAYS_SEARCH_USER_PATHS = NO;
				CLANG_ANALYZER_NONNULL = YES;
				CLANG_ANALYZER_NUMBER_OBJECT_CONVERSION = YES_AGGRESSIVE;
				CLANG_CXX_LANGUAGE_STANDARD = "gnu++17";
				CLANG_ENABLE_MODULES = YES;
				CLANG_ENABLE_OBJC_ARC = YES;
				CLANG_ENABLE_OBJC_WEAK = YES;
				CLANG_WARN_BLOCK_CAPTURE_AUTORELEASING = YES;
				CLANG_WARN_BOOL_CONVERSION = YES;
				CLANG_WARN_COMMA = YES;
				CLANG_WARN_CONSTANT_CONVERSION = YES;
				CLANG_WARN_DEPRECATED_OBJC_IMPLEMENTATIONS = YES;
				CLANG_WARN_DIRECT_OBJC_ISA_USAGE = YES_ERROR;
				CLANG_WARN_DOCUMENTATION_COMMENTS = YES;
				CLANG_WARN_EMPTY_BODY = YES;
				CLANG_WARN_ENUM_CONVERSION = YES;
				CLANG_WARN_INFINITE_RECURSION = YES;
				CLANG_WARN_INT_CONVERSION = YES;
				CLANG_WARN_NON_LITERAL_NULL_CONVERSION = YES;
				CLANG_WARN_OBJC_IMPLICIT_RETAIN_SELF = YES;
				CLANG_WARN_OBJC_LITERAL_CONVERSION = YES;
				CLANG_WARN_OBJC_ROOT_CLASS = YES_ERROR;
				CLANG_WARN_QUOTED_INCLUDE_IN_FRAMEWORK_HEADER = YES;
				CLANG_WARN_RANGE_LOOP_ANALYSIS = YES;
				CLANG_WARN_STRICT_PROTOTYPES = YES;
				CLANG_WARN_SUSPICIOUS_MOVE = YES;
				CLANG_WARN_UNGUARDED_AVAILABILITY = YES_AGGRESSIVE;
				CLANG_WARN_UNREACHABLE_CODE = YES;
				CLANG_WARN__DUPLICATE_METHOD_MATCH = YES;
				COPY_PHASE_STRIP = NO;
				DEBUG_INFORMATION_FORMAT = "dwarf-with-dsym";
				ENABLE_NS_ASSERTIONS = NO;
				ENABLE_STRICT_OBJC_MSGSEND = YES;
				ENABLE_USER_SCRIPT_SANDBOXING = YES;
				GCC_C_LANGUAGE_STANDARD = gnu11;
				GCC_NO_COMMON_BLOCKS = YES;
				GCC_WARN_64_TO_32_BIT_CONVERSION = YES;
				GCC_WARN_ABOUT_RETURN_TYPE = YES_ERROR;
				GCC_WARN_UNDECLARED_SELECTOR = YES;
				GCC_WARN_UNINITIALIZED_AUTOS = YES_AGGRESSIVE;
				GCC_WARN_UNUSED_FUNCTION = YES;
				GCC_WARN_UNUSED_VARIABLE = YES;
				IPHONEOS_DEPLOYMENT_TARGET = 15.4;
				MTL_ENABLE_DEBUG_INFO = NO;
				MTL_FAST_MATH = YES;
				SDKROOT = iphoneos;
				SWIFT_COMPILATION_MODE = wholemodule;
				SWIFT_OPTIMIZATION_LEVEL = "-O";
				VALIDATE_PRODUCT = YES;
			};
			name = Release;
		};
		7CB462F72C812CD600C6F795 /* Debug */ = {
			isa = XCBuildConfiguration;
			buildSettings = {
				ASSETCATALOG_COMPILER_APPICON_NAME = AppIcon;
				ASSETCATALOG_COMPILER_GLOBAL_ACCENT_COLOR_NAME = AccentColor;
				CODE_SIGN_STYLE = Automatic;
				CURRENT_PROJECT_VERSION = 1;
				GENERATE_INFOPLIST_FILE = YES;
				INFOPLIST_FILE = speedoTransfer/Info.plist;
				INFOPLIST_KEY_UIApplicationSupportsIndirectInputEvents = YES;
				INFOPLIST_KEY_UILaunchStoryboardName = LaunchScreen;
				INFOPLIST_KEY_UIMainStoryboardFile = Main;
				INFOPLIST_KEY_UISupportedInterfaceOrientations_iPad = "UIInterfaceOrientationPortrait UIInterfaceOrientationPortraitUpsideDown UIInterfaceOrientationLandscapeLeft UIInterfaceOrientationLandscapeRight";
				INFOPLIST_KEY_UISupportedInterfaceOrientations_iPhone = "UIInterfaceOrientationPortrait UIInterfaceOrientationLandscapeLeft UIInterfaceOrientationLandscapeRight";
				LD_RUNPATH_SEARCH_PATHS = (
					"$(inherited)",
					"@executable_path/Frameworks",
				);
				MARKETING_VERSION = 1.0;
				PRODUCT_BUNDLE_IDENTIFIER = com.Bankmisr.speedoTransfer;
				PRODUCT_NAME = "$(TARGET_NAME)";
				SWIFT_EMIT_LOC_STRINGS = YES;
				SWIFT_VERSION = 5.0;
				TARGETED_DEVICE_FAMILY = "1,2";
			};
			name = Debug;
		};
		7CB462F82C812CD600C6F795 /* Release */ = {
			isa = XCBuildConfiguration;
			buildSettings = {
				ASSETCATALOG_COMPILER_APPICON_NAME = AppIcon;
				ASSETCATALOG_COMPILER_GLOBAL_ACCENT_COLOR_NAME = AccentColor;
				CODE_SIGN_STYLE = Automatic;
				CURRENT_PROJECT_VERSION = 1;
				GENERATE_INFOPLIST_FILE = YES;
				INFOPLIST_FILE = speedoTransfer/Info.plist;
				INFOPLIST_KEY_UIApplicationSupportsIndirectInputEvents = YES;
				INFOPLIST_KEY_UILaunchStoryboardName = LaunchScreen;
				INFOPLIST_KEY_UIMainStoryboardFile = Main;
				INFOPLIST_KEY_UISupportedInterfaceOrientations_iPad = "UIInterfaceOrientationPortrait UIInterfaceOrientationPortraitUpsideDown UIInterfaceOrientationLandscapeLeft UIInterfaceOrientationLandscapeRight";
				INFOPLIST_KEY_UISupportedInterfaceOrientations_iPhone = "UIInterfaceOrientationPortrait UIInterfaceOrientationLandscapeLeft UIInterfaceOrientationLandscapeRight";
				LD_RUNPATH_SEARCH_PATHS = (
					"$(inherited)",
					"@executable_path/Frameworks",
				);
				MARKETING_VERSION = 1.0;
				PRODUCT_BUNDLE_IDENTIFIER = com.Bankmisr.speedoTransfer;
				PRODUCT_NAME = "$(TARGET_NAME)";
				SWIFT_EMIT_LOC_STRINGS = YES;
				SWIFT_VERSION = 5.0;
				TARGETED_DEVICE_FAMILY = "1,2";
			};
			name = Release;
		};
		7CB462FA2C812CD600C6F795 /* Debug */ = {
			isa = XCBuildConfiguration;
			buildSettings = {
				ALWAYS_EMBED_SWIFT_STANDARD_LIBRARIES = YES;
				BUNDLE_LOADER = "$(TEST_HOST)";
				CODE_SIGN_STYLE = Automatic;
				CURRENT_PROJECT_VERSION = 1;
				GENERATE_INFOPLIST_FILE = YES;
				IPHONEOS_DEPLOYMENT_TARGET = 15.4;
				MARKETING_VERSION = 1.0;
				PRODUCT_BUNDLE_IDENTIFIER = com.Bankmisr.speedoTransferTests;
				PRODUCT_NAME = "$(TARGET_NAME)";
				SWIFT_EMIT_LOC_STRINGS = NO;
				SWIFT_VERSION = 5.0;
				TARGETED_DEVICE_FAMILY = "1,2";
				TEST_HOST = "$(BUILT_PRODUCTS_DIR)/speedoTransfer.app/speedoTransfer";
			};
			name = Debug;
		};
		7CB462FB2C812CD600C6F795 /* Release */ = {
			isa = XCBuildConfiguration;
			buildSettings = {
				ALWAYS_EMBED_SWIFT_STANDARD_LIBRARIES = YES;
				BUNDLE_LOADER = "$(TEST_HOST)";
				CODE_SIGN_STYLE = Automatic;
				CURRENT_PROJECT_VERSION = 1;
				GENERATE_INFOPLIST_FILE = YES;
				IPHONEOS_DEPLOYMENT_TARGET = 15.4;
				MARKETING_VERSION = 1.0;
				PRODUCT_BUNDLE_IDENTIFIER = com.Bankmisr.speedoTransferTests;
				PRODUCT_NAME = "$(TARGET_NAME)";
				SWIFT_EMIT_LOC_STRINGS = NO;
				SWIFT_VERSION = 5.0;
				TARGETED_DEVICE_FAMILY = "1,2";
				TEST_HOST = "$(BUILT_PRODUCTS_DIR)/speedoTransfer.app/speedoTransfer";
			};
			name = Release;
		};
		7CB462FD2C812CD600C6F795 /* Debug */ = {
			isa = XCBuildConfiguration;
			buildSettings = {
				ALWAYS_EMBED_SWIFT_STANDARD_LIBRARIES = YES;
				CODE_SIGN_STYLE = Automatic;
				CURRENT_PROJECT_VERSION = 1;
				GENERATE_INFOPLIST_FILE = YES;
				MARKETING_VERSION = 1.0;
				PRODUCT_BUNDLE_IDENTIFIER = com.Bankmisr.speedoTransferUITests;
				PRODUCT_NAME = "$(TARGET_NAME)";
				SWIFT_EMIT_LOC_STRINGS = NO;
				SWIFT_VERSION = 5.0;
				TARGETED_DEVICE_FAMILY = "1,2";
				TEST_TARGET_NAME = speedoTransfer;
			};
			name = Debug;
		};
		7CB462FE2C812CD600C6F795 /* Release */ = {
			isa = XCBuildConfiguration;
			buildSettings = {
				ALWAYS_EMBED_SWIFT_STANDARD_LIBRARIES = YES;
				CODE_SIGN_STYLE = Automatic;
				CURRENT_PROJECT_VERSION = 1;
				GENERATE_INFOPLIST_FILE = YES;
				MARKETING_VERSION = 1.0;
				PRODUCT_BUNDLE_IDENTIFIER = com.Bankmisr.speedoTransferUITests;
				PRODUCT_NAME = "$(TARGET_NAME)";
				SWIFT_EMIT_LOC_STRINGS = NO;
				SWIFT_VERSION = 5.0;
				TARGETED_DEVICE_FAMILY = "1,2";
				TEST_TARGET_NAME = speedoTransfer;
			};
			name = Release;
		};
/* End XCBuildConfiguration section */

/* Begin XCConfigurationList section */
		7CB462C72C812CD400C6F795 /* Build configuration list for PBXProject "speedoTransfer" */ = {
			isa = XCConfigurationList;
			buildConfigurations = (
				7CB462F42C812CD600C6F795 /* Debug */,
				7CB462F52C812CD600C6F795 /* Release */,
			);
			defaultConfigurationIsVisible = 0;
			defaultConfigurationName = Release;
		};
		7CB462F62C812CD600C6F795 /* Build configuration list for PBXNativeTarget "speedoTransfer" */ = {
			isa = XCConfigurationList;
			buildConfigurations = (
				7CB462F72C812CD600C6F795 /* Debug */,
				7CB462F82C812CD600C6F795 /* Release */,
			);
			defaultConfigurationIsVisible = 0;
			defaultConfigurationName = Release;
		};
		7CB462F92C812CD600C6F795 /* Build configuration list for PBXNativeTarget "speedoTransferTests" */ = {
			isa = XCConfigurationList;
			buildConfigurations = (
				7CB462FA2C812CD600C6F795 /* Debug */,
				7CB462FB2C812CD600C6F795 /* Release */,
			);
			defaultConfigurationIsVisible = 0;
			defaultConfigurationName = Release;
		};
		7CB462FC2C812CD600C6F795 /* Build configuration list for PBXNativeTarget "speedoTransferUITests" */ = {
			isa = XCConfigurationList;
			buildConfigurations = (
				7CB462FD2C812CD600C6F795 /* Debug */,
				7CB462FE2C812CD600C6F795 /* Release */,
			);
			defaultConfigurationIsVisible = 0;
			defaultConfigurationName = Release;
		};
/* End XCConfigurationList section */
	};
	rootObject = 7CB462C42C812CD400C6F795 /* Project object */;
}
